// !$*UTF8*$!
{
	archiveVersion = 1;
	classes = {
	};
	objectVersion = 46;
	objects = {

/* Begin PBXBuildFile section */
		2D214C421BDF47CB00E1736A /* main.m in Sources */ = {isa = PBXBuildFile; fileRef = 2D214C411BDF47CB00E1736A /* main.m */; };
		2D214C451BDF47CB00E1736A /* AppDelegate.m in Sources */ = {isa = PBXBuildFile; fileRef = 2D214C441BDF47CB00E1736A /* AppDelegate.m */; };
		2D214C481BDF47CB00E1736A /* ViewController.m in Sources */ = {isa = PBXBuildFile; fileRef = 2D214C471BDF47CB00E1736A /* ViewController.m */; };
		2D214C4B1BDF47CB00E1736A /* Main.storyboard in Resources */ = {isa = PBXBuildFile; fileRef = 2D214C491BDF47CB00E1736A /* Main.storyboard */; };
		2D214C4D1BDF47CB00E1736A /* Assets.xcassets in Resources */ = {isa = PBXBuildFile; fileRef = 2D214C4C1BDF47CB00E1736A /* Assets.xcassets */; };
		2D214C501BDF47CB00E1736A /* LaunchScreen.storyboard in Resources */ = {isa = PBXBuildFile; fileRef = 2D214C4E1BDF47CB00E1736A /* LaunchScreen.storyboard */; };
		2D214C5F1BDF47F400E1736A /* Bolts.framework in Frameworks */ = {isa = PBXBuildFile; fileRef = 2D214C581BDF47F400E1736A /* Bolts.framework */; settings = {ASSET_TAGS = (); }; };
		2D214C601BDF47F400E1736A /* Parse.framework in Frameworks */ = {isa = PBXBuildFile; fileRef = 2D214C591BDF47F400E1736A /* Parse.framework */; settings = {ASSET_TAGS = (); }; };
		2D214C611BDF47F400E1736A /* ParseCrashReporting.framework in Frameworks */ = {isa = PBXBuildFile; fileRef = 2D214C5A1BDF47F400E1736A /* ParseCrashReporting.framework */; settings = {ASSET_TAGS = (); }; };
		2D214C621BDF47F400E1736A /* ParseFacebookUtils.framework in Frameworks */ = {isa = PBXBuildFile; fileRef = 2D214C5B1BDF47F400E1736A /* ParseFacebookUtils.framework */; settings = {ASSET_TAGS = (); }; };
		2D214C631BDF47F400E1736A /* ParseFacebookUtilsV4.framework in Frameworks */ = {isa = PBXBuildFile; fileRef = 2D214C5C1BDF47F400E1736A /* ParseFacebookUtilsV4.framework */; settings = {ASSET_TAGS = (); }; };
		2D214C641BDF47F400E1736A /* ParseTwitterUtils.framework in Frameworks */ = {isa = PBXBuildFile; fileRef = 2D214C5D1BDF47F400E1736A /* ParseTwitterUtils.framework */; settings = {ASSET_TAGS = (); }; };
		2D214C651BDF47F400E1736A /* ParseUI.framework in Frameworks */ = {isa = PBXBuildFile; fileRef = 2D214C5E1BDF47F400E1736A /* ParseUI.framework */; settings = {ASSET_TAGS = (); }; };
		2D214C671BDF47FF00E1736A /* Accounts.framework in Frameworks */ = {isa = PBXBuildFile; fileRef = 2D214C661BDF47FF00E1736A /* Accounts.framework */; };
		2D214C691BDF480600E1736A /* AudioToolbox.framework in Frameworks */ = {isa = PBXBuildFile; fileRef = 2D214C681BDF480600E1736A /* AudioToolbox.framework */; };
		2D214C6B1BDF480D00E1736A /* CFNetwork.framework in Frameworks */ = {isa = PBXBuildFile; fileRef = 2D214C6A1BDF480D00E1736A /* CFNetwork.framework */; };
		2D214C6D1BDF481400E1736A /* CoreGraphics.framework in Frameworks */ = {isa = PBXBuildFile; fileRef = 2D214C6C1BDF481400E1736A /* CoreGraphics.framework */; };
		2D214C6F1BDF481C00E1736A /* CoreLocation.framework in Frameworks */ = {isa = PBXBuildFile; fileRef = 2D214C6E1BDF481C00E1736A /* CoreLocation.framework */; };
		2D214C711BDF482300E1736A /* QuartzCore.framework in Frameworks */ = {isa = PBXBuildFile; fileRef = 2D214C701BDF482300E1736A /* QuartzCore.framework */; };
		2D214C731BDF482A00E1736A /* Security.framework in Frameworks */ = {isa = PBXBuildFile; fileRef = 2D214C721BDF482A00E1736A /* Security.framework */; };
		2D214C751BDF483000E1736A /* Social.framework in Frameworks */ = {isa = PBXBuildFile; fileRef = 2D214C741BDF483000E1736A /* Social.framework */; };
		2D214C771BDF483600E1736A /* StoreKit.framework in Frameworks */ = {isa = PBXBuildFile; fileRef = 2D214C761BDF483600E1736A /* StoreKit.framework */; };
		2D214C791BDF483C00E1736A /* SystemConfiguration.framework in Frameworks */ = {isa = PBXBuildFile; fileRef = 2D214C781BDF483C00E1736A /* SystemConfiguration.framework */; };
		2D214C7B1BDF484200E1736A /* libz.tbd in Frameworks */ = {isa = PBXBuildFile; fileRef = 2D214C7A1BDF484200E1736A /* libz.tbd */; };
		2D214C7D1BDF484900E1736A /* libsqlite3.tbd in Frameworks */ = {isa = PBXBuildFile; fileRef = 2D214C7C1BDF484900E1736A /* libsqlite3.tbd */; };
		2D214C7F1BDF4B1500E1736A /* FairWellImage-master in Resources */ = {isa = PBXBuildFile; fileRef = 2D214C7E1BDF4B1500E1736A /* FairWellImage-master */; settings = {ASSET_TAGS = (); }; };
/* End PBXBuildFile section */

/* Begin PBXFileReference section */
		2D214C3D1BDF47CB00E1736A /* Fairwell_IOS.app */ = {isa = PBXFileReference; explicitFileType = wrapper.application; includeInIndex = 0; path = Fairwell_IOS.app; sourceTree = BUILT_PRODUCTS_DIR; };
		2D214C411BDF47CB00E1736A /* main.m */ = {isa = PBXFileReference; lastKnownFileType = sourcecode.c.objc; path = main.m; sourceTree = "<group>"; };
		2D214C431BDF47CB00E1736A /* AppDelegate.h */ = {isa = PBXFileReference; lastKnownFileType = sourcecode.c.h; path = AppDelegate.h; sourceTree = "<group>"; };
		2D214C441BDF47CB00E1736A /* AppDelegate.m */ = {isa = PBXFileReference; lastKnownFileType = sourcecode.c.objc; path = AppDelegate.m; sourceTree = "<group>"; };
		2D214C461BDF47CB00E1736A /* ViewController.h */ = {isa = PBXFileReference; lastKnownFileType = sourcecode.c.h; path = ViewController.h; sourceTree = "<group>"; };
		2D214C471BDF47CB00E1736A /* ViewController.m */ = {isa = PBXFileReference; lastKnownFileType = sourcecode.c.objc; path = ViewController.m; sourceTree = "<group>"; };
		2D214C4A1BDF47CB00E1736A /* Base */ = {isa = PBXFileReference; lastKnownFileType = file.storyboard; name = Base; path = Base.lproj/Main.storyboard; sourceTree = "<group>"; };
		2D214C4C1BDF47CB00E1736A /* Assets.xcassets */ = {isa = PBXFileReference; lastKnownFileType = folder.assetcatalog; path = Assets.xcassets; sourceTree = "<group>"; };
		2D214C4F1BDF47CB00E1736A /* Base */ = {isa = PBXFileReference; lastKnownFileType = file.storyboard; name = Base; path = Base.lproj/LaunchScreen.storyboard; sourceTree = "<group>"; };
		2D214C511BDF47CB00E1736A /* Info.plist */ = {isa = PBXFileReference; lastKnownFileType = text.plist.xml; path = Info.plist; sourceTree = "<group>"; };
		2D214C581BDF47F400E1736A /* Bolts.framework */ = {isa = PBXFileReference; lastKnownFileType = wrapper.framework; path = Bolts.framework; sourceTree = "<group>"; };
		2D214C591BDF47F400E1736A /* Parse.framework */ = {isa = PBXFileReference; lastKnownFileType = wrapper.framework; path = Parse.framework; sourceTree = "<group>"; };
		2D214C5A1BDF47F400E1736A /* ParseCrashReporting.framework */ = {isa = PBXFileReference; lastKnownFileType = wrapper.framework; path = ParseCrashReporting.framework; sourceTree = "<group>"; };
		2D214C5B1BDF47F400E1736A /* ParseFacebookUtils.framework */ = {isa = PBXFileReference; lastKnownFileType = wrapper.framework; path = ParseFacebookUtils.framework; sourceTree = "<group>"; };
		2D214C5C1BDF47F400E1736A /* ParseFacebookUtilsV4.framework */ = {isa = PBXFileReference; lastKnownFileType = wrapper.framework; path = ParseFacebookUtilsV4.framework; sourceTree = "<group>"; };
		2D214C5D1BDF47F400E1736A /* ParseTwitterUtils.framework */ = {isa = PBXFileReference; lastKnownFileType = wrapper.framework; path = ParseTwitterUtils.framework; sourceTree = "<group>"; };
		2D214C5E1BDF47F400E1736A /* ParseUI.framework */ = {isa = PBXFileReference; lastKnownFileType = wrapper.framework; path = ParseUI.framework; sourceTree = "<group>"; };
		2D214C661BDF47FF00E1736A /* Accounts.framework */ = {isa = PBXFileReference; lastKnownFileType = wrapper.framework; name = Accounts.framework; path = System/Library/Frameworks/Accounts.framework; sourceTree = SDKROOT; };
		2D214C681BDF480600E1736A /* AudioToolbox.framework */ = {isa = PBXFileReference; lastKnownFileType = wrapper.framework; name = AudioToolbox.framework; path = System/Library/Frameworks/AudioToolbox.framework; sourceTree = SDKROOT; };
		2D214C6A1BDF480D00E1736A /* CFNetwork.framework */ = {isa = PBXFileReference; lastKnownFileType = wrapper.framework; name = CFNetwork.framework; path = System/Library/Frameworks/CFNetwork.framework; sourceTree = SDKROOT; };
		2D214C6C1BDF481400E1736A /* CoreGraphics.framework */ = {isa = PBXFileReference; lastKnownFileType = wrapper.framework; name = CoreGraphics.framework; path = System/Library/Frameworks/CoreGraphics.framework; sourceTree = SDKROOT; };
		2D214C6E1BDF481C00E1736A /* CoreLocation.framework */ = {isa = PBXFileReference; lastKnownFileType = wrapper.framework; name = CoreLocation.framework; path = System/Library/Frameworks/CoreLocation.framework; sourceTree = SDKROOT; };
		2D214C701BDF482300E1736A /* QuartzCore.framework */ = {isa = PBXFileReference; lastKnownFileType = wrapper.framework; name = QuartzCore.framework; path = System/Library/Frameworks/QuartzCore.framework; sourceTree = SDKROOT; };
		2D214C721BDF482A00E1736A /* Security.framework */ = {isa = PBXFileReference; lastKnownFileType = wrapper.framework; name = Security.framework; path = System/Library/Frameworks/Security.framework; sourceTree = SDKROOT; };
		2D214C741BDF483000E1736A /* Social.framework */ = {isa = PBXFileReference; lastKnownFileType = wrapper.framework; name = Social.framework; path = System/Library/Frameworks/Social.framework; sourceTree = SDKROOT; };
		2D214C761BDF483600E1736A /* StoreKit.framework */ = {isa = PBXFileReference; lastKnownFileType = wrapper.framework; name = StoreKit.framework; path = System/Library/Frameworks/StoreKit.framework; sourceTree = SDKROOT; };
		2D214C781BDF483C00E1736A /* SystemConfiguration.framework */ = {isa = PBXFileReference; lastKnownFileType = wrapper.framework; name = SystemConfiguration.framework; path = System/Library/Frameworks/SystemConfiguration.framework; sourceTree = SDKROOT; };
		2D214C7A1BDF484200E1736A /* libz.tbd */ = {isa = PBXFileReference; lastKnownFileType = "sourcecode.text-based-dylib-definition"; name = libz.tbd; path = usr/lib/libz.tbd; sourceTree = SDKROOT; };
		2D214C7C1BDF484900E1736A /* libsqlite3.tbd */ = {isa = PBXFileReference; lastKnownFileType = "sourcecode.text-based-dylib-definition"; name = libsqlite3.tbd; path = usr/lib/libsqlite3.tbd; sourceTree = SDKROOT; };
		2D214C7E1BDF4B1500E1736A /* FairWellImage-master */ = {isa = PBXFileReference; lastKnownFileType = folder; path = "FairWellImage-master"; sourceTree = "<group>"; };
/* End PBXFileReference section */

/* Begin PBXFrameworksBuildPhase section */
		2D214C3A1BDF47CB00E1736A /* Frameworks */ = {
			isa = PBXFrameworksBuildPhase;
			buildActionMask = 2147483647;
			files = (
				2D214C7D1BDF484900E1736A /* libsqlite3.tbd in Frameworks */,
				2D214C7B1BDF484200E1736A /* libz.tbd in Frameworks */,
				2D214C791BDF483C00E1736A /* SystemConfiguration.framework in Frameworks */,
				2D214C771BDF483600E1736A /* StoreKit.framework in Frameworks */,
				2D214C751BDF483000E1736A /* Social.framework in Frameworks */,
				2D214C731BDF482A00E1736A /* Security.framework in Frameworks */,
				2D214C711BDF482300E1736A /* QuartzCore.framework in Frameworks */,
				2D214C6F1BDF481C00E1736A /* CoreLocation.framework in Frameworks */,
				2D214C6D1BDF481400E1736A /* CoreGraphics.framework in Frameworks */,
				2D214C6B1BDF480D00E1736A /* CFNetwork.framework in Frameworks */,
				2D214C691BDF480600E1736A /* AudioToolbox.framework in Frameworks */,
				2D214C671BDF47FF00E1736A /* Accounts.framework in Frameworks */,
				2D214C601BDF47F400E1736A /* Parse.framework in Frameworks */,
				2D214C611BDF47F400E1736A /* ParseCrashReporting.framework in Frameworks */,
				2D214C651BDF47F400E1736A /* ParseUI.framework in Frameworks */,
				2D214C621BDF47F400E1736A /* ParseFacebookUtils.framework in Frameworks */,
				2D214C5F1BDF47F400E1736A /* Bolts.framework in Frameworks */,
				2D214C641BDF47F400E1736A /* ParseTwitterUtils.framework in Frameworks */,
				2D214C631BDF47F400E1736A /* ParseFacebookUtilsV4.framework in Frameworks */,
			);
			runOnlyForDeploymentPostprocessing = 0;
		};
/* End PBXFrameworksBuildPhase section */

/* Begin PBXGroup section */
		2D214C341BDF47CB00E1736A = {
			isa = PBXGroup;
			children = (
				2D214C571BDF47E400E1736A /* Frameworks */,
				2D214C3F1BDF47CB00E1736A /* Fairwell_IOS */,
				2D214C3E1BDF47CB00E1736A /* Products */,
			);
			sourceTree = "<group>";
		};
		2D214C3E1BDF47CB00E1736A /* Products */ = {
			isa = PBXGroup;
			children = (
				2D214C3D1BDF47CB00E1736A /* Fairwell_IOS.app */,
			);
			name = Products;
			sourceTree = "<group>";
		};
		2D214C3F1BDF47CB00E1736A /* Fairwell_IOS */ = {
			isa = PBXGroup;
			children = (
				2D214C431BDF47CB00E1736A /* AppDelegate.h */,
				2D214C441BDF47CB00E1736A /* AppDelegate.m */,
				2D214C461BDF47CB00E1736A /* ViewController.h */,
				2D214C471BDF47CB00E1736A /* ViewController.m */,
				2D214C491BDF47CB00E1736A /* Main.storyboard */,
				2D214C7E1BDF4B1500E1736A /* FairWellImage-master */,
				2D214C4C1BDF47CB00E1736A /* Assets.xcassets */,
				2D214C4E1BDF47CB00E1736A /* LaunchScreen.storyboard */,
				2D214C511BDF47CB00E1736A /* Info.plist */,
				2D214C401BDF47CB00E1736A /* Supporting Files */,
			);
			path = Fairwell_IOS;
			sourceTree = "<group>";
		};
		2D214C401BDF47CB00E1736A /* Supporting Files */ = {
			isa = PBXGroup;
			children = (
				2D214C411BDF47CB00E1736A /* main.m */,
			);
			name = "Supporting Files";
			sourceTree = "<group>";
		};
		2D214C571BDF47E400E1736A /* Frameworks */ = {
			isa = PBXGroup;
			children = (
				2D214C7C1BDF484900E1736A /* libsqlite3.tbd */,
				2D214C7A1BDF484200E1736A /* libz.tbd */,
				2D214C781BDF483C00E1736A /* SystemConfiguration.framework */,
				2D214C761BDF483600E1736A /* StoreKit.framework */,
				2D214C741BDF483000E1736A /* Social.framework */,
				2D214C721BDF482A00E1736A /* Security.framework */,
				2D214C701BDF482300E1736A /* QuartzCore.framework */,
				2D214C6E1BDF481C00E1736A /* CoreLocation.framework */,
				2D214C6C1BDF481400E1736A /* CoreGraphics.framework */,
				2D214C6A1BDF480D00E1736A /* CFNetwork.framework */,
				2D214C681BDF480600E1736A /* AudioToolbox.framework */,
				2D214C661BDF47FF00E1736A /* Accounts.framework */,
				2D214C581BDF47F400E1736A /* Bolts.framework */,
				2D214C591BDF47F400E1736A /* Parse.framework */,
				2D214C5A1BDF47F400E1736A /* ParseCrashReporting.framework */,
				2D214C5B1BDF47F400E1736A /* ParseFacebookUtils.framework */,
				2D214C5C1BDF47F400E1736A /* ParseFacebookUtilsV4.framework */,
				2D214C5D1BDF47F400E1736A /* ParseTwitterUtils.framework */,
				2D214C5E1BDF47F400E1736A /* ParseUI.framework */,
			);
			name = Frameworks;
			sourceTree = "<group>";
		};
/* End PBXGroup section */

/* Begin PBXNativeTarget section */
		2D214C3C1BDF47CB00E1736A /* Fairwell_IOS */ = {
			isa = PBXNativeTarget;
			buildConfigurationList = 2D214C541BDF47CB00E1736A /* Build configuration list for PBXNativeTarget "Fairwell_IOS" */;
			buildPhases = (
				2D214C391BDF47CB00E1736A /* Sources */,
				2D214C3A1BDF47CB00E1736A /* Frameworks */,
				2D214C3B1BDF47CB00E1736A /* Resources */,
			);
			buildRules = (
			);
			dependencies = (
			);
			name = Fairwell_IOS;
			productName = Fairwell_IOS;
			productReference = 2D214C3D1BDF47CB00E1736A /* Fairwell_IOS.app */;
			productType = "com.apple.product-type.application";
		};
/* End PBXNativeTarget section */

/* Begin PBXProject section */
		2D214C351BDF47CB00E1736A /* Project object */ = {
			isa = PBXProject;
			attributes = {
				LastUpgradeCheck = 0700;
				ORGANIZATIONNAME = "Winnie Liang";
				TargetAttributes = {
					2D214C3C1BDF47CB00E1736A = {
						CreatedOnToolsVersion = 7.0.1;
					};
				};
			};
			buildConfigurationList = 2D214C381BDF47CB00E1736A /* Build configuration list for PBXProject "Fairwell_IOS" */;
			compatibilityVersion = "Xcode 3.2";
			developmentRegion = English;
			hasScannedForEncodings = 0;
			knownRegions = (
				en,
				Base,
			);
			mainGroup = 2D214C341BDF47CB00E1736A;
			productRefGroup = 2D214C3E1BDF47CB00E1736A /* Products */;
			projectDirPath = "";
			projectRoot = "";
			targets = (
				2D214C3C1BDF47CB00E1736A /* Fairwell_IOS */,
			);
		};
/* End PBXProject section */

/* Begin PBXResourcesBuildPhase section */
		2D214C3B1BDF47CB00E1736A /* Resources */ = {
			isa = PBXResourcesBuildPhase;
			buildActionMask = 2147483647;
			files = (
				2D214C501BDF47CB00E1736A /* LaunchScreen.storyboard in Resources */,
				2D214C4D1BDF47CB00E1736A /* Assets.xcassets in Resources */,
				2D214C7F1BDF4B1500E1736A /* FairWellImage-master in Resources */,
				2D214C4B1BDF47CB00E1736A /* Main.storyboard in Resources */,
			);
			runOnlyForDeploymentPostprocessing = 0;
		};
/* End PBXResourcesBuildPhase section */

/* Begin PBXSourcesBuildPhase section */
		2D214C391BDF47CB00E1736A /* Sources */ = {
			isa = PBXSourcesBuildPhase;
			buildActionMask = 2147483647;
			files = (
				2D214C481BDF47CB00E1736A /* ViewController.m in Sources */,
				2D214C451BDF47CB00E1736A /* AppDelegate.m in Sources */,
				2D214C421BDF47CB00E1736A /* main.m in Sources */,
			);
			runOnlyForDeploymentPostprocessing = 0;
		};
/* End PBXSourcesBuildPhase section */

/* Begin PBXVariantGroup section */
		2D214C491BDF47CB00E1736A /* Main.storyboard */ = {
			isa = PBXVariantGroup;
			children = (
				2D214C4A1BDF47CB00E1736A /* Base */,
			);
			name = Main.storyboard;
			sourceTree = "<group>";
		};
		2D214C4E1BDF47CB00E1736A /* LaunchScreen.storyboard */ = {
			isa = PBXVariantGroup;
			children = (
				2D214C4F1BDF47CB00E1736A /* Base */,
			);
			name = LaunchScreen.storyboard;
			sourceTree = "<group>";
		};
/* End PBXVariantGroup section */

/* Begin XCBuildConfiguration section */
		2D214C521BDF47CB00E1736A /* Debug */ = {
			isa = XCBuildConfiguration;
			buildSettings = {
				ALWAYS_SEARCH_USER_PATHS = NO;
				CLANG_CXX_LANGUAGE_STANDARD = "gnu++0x";
				CLANG_CXX_LIBRARY = "libc++";
				CLANG_ENABLE_MODULES = YES;
				CLANG_ENABLE_OBJC_ARC = YES;
				CLANG_WARN_BOOL_CONVERSION = YES;
				CLANG_WARN_CONSTANT_CONVERSION = YES;
				CLANG_WARN_DIRECT_OBJC_ISA_USAGE = YES_ERROR;
				CLANG_WARN_EMPTY_BODY = YES;
				CLANG_WARN_ENUM_CONVERSION = YES;
				CLANG_WARN_INT_CONVERSION = YES;
				CLANG_WARN_OBJC_ROOT_CLASS = YES_ERROR;
				CLANG_WARN_UNREACHABLE_CODE = YES;
				CLANG_WARN__DUPLICATE_METHOD_MATCH = YES;
				"CODE_SIGN_IDENTITY[sdk=iphoneos*]" = "iPhone Developer";
				COPY_PHASE_STRIP = NO;
				DEBUG_INFORMATION_FORMAT = dwarf;
				ENABLE_STRICT_OBJC_MSGSEND = YES;
				ENABLE_TESTABILITY = YES;
				GCC_C_LANGUAGE_STANDARD = gnu99;
				GCC_DYNAMIC_NO_PIC = NO;
				GCC_NO_COMMON_BLOCKS = YES;
				GCC_OPTIMIZATION_LEVEL = 0;
				GCC_PREPROCESSOR_DEFINITIONS = (
					"DEBUG=1",
					"$(inherited)",
				);
				GCC_WARN_64_TO_32_BIT_CONVERSION = YES;
				GCC_WARN_ABOUT_RETURN_TYPE = YES_ERROR;
				GCC_WARN_UNDECLARED_SELECTOR = YES;
				GCC_WARN_UNINITIALIZED_AUTOS = YES_AGGRESSIVE;
				GCC_WARN_UNUSED_FUNCTION = YES;
				GCC_WARN_UNUSED_VARIABLE = YES;
				IPHONEOS_DEPLOYMENT_TARGET = 9.0;
				MTL_ENABLE_DEBUG_INFO = YES;
				ONLY_ACTIVE_ARCH = YES;
				SDKROOT = iphoneos;
			};
			name = Debug;
		};
		2D214C531BDF47CB00E1736A /* Release */ = {
			isa = XCBuildConfiguration;
			buildSettings = {
				ALWAYS_SEARCH_USER_PATHS = NO;
				CLANG_CXX_LANGUAGE_STANDARD = "gnu++0x";
				CLANG_CXX_LIBRARY = "libc++";
				CLANG_ENABLE_MODULES = YES;
				CLANG_ENABLE_OBJC_ARC = YES;
				CLANG_WARN_BOOL_CONVERSION = YES;
				CLANG_WARN_CONSTANT_CONVERSION = YES;
				CLANG_WARN_DIRECT_OBJC_ISA_USAGE = YES_ERROR;
				CLANG_WARN_EMPTY_BODY = YES;
				CLANG_WARN_ENUM_CONVERSION = YES;
				CLANG_WARN_INT_CONVERSION = YES;
				CLANG_WARN_OBJC_ROOT_CLASS = YES_ERROR;
				CLANG_WARN_UNREACHABLE_CODE = YES;
				CLANG_WARN__DUPLICATE_METHOD_MATCH = YES;
				"CODE_SIGN_IDENTITY[sdk=iphoneos*]" = "iPhone Developer";
				COPY_PHASE_STRIP = NO;
				DEBUG_INFORMATION_FORMAT = "dwarf-with-dsym";
				ENABLE_NS_ASSERTIONS = NO;
				ENABLE_STRICT_OBJC_MSGSEND = YES;
				GCC_C_LANGUAGE_STANDARD = gnu99;
				GCC_NO_COMMON_BLOCKS = YES;
				GCC_WARN_64_TO_32_BIT_CONVERSION = YES;
				GCC_WARN_ABOUT_RETURN_TYPE = YES_ERROR;
				GCC_WARN_UNDECLARED_SELECTOR = YES;
				GCC_WARN_UNINITIALIZED_AUTOS = YES_AGGRESSIVE;
				GCC_WARN_UNUSED_FUNCTION = YES;
				GCC_WARN_UNUSED_VARIABLE = YES;
				IPHONEOS_DEPLOYMENT_TARGET = 9.0;
				MTL_ENABLE_DEBUG_INFO = NO;
				SDKROOT = iphoneos;
				VALIDATE_PRODUCT = YES;
			};
			name = Release;
		};
		2D214C551BDF47CB00E1736A /* Debug */ = {
			isa = XCBuildConfiguration;
			buildSettings = {
				ASSETCATALOG_COMPILER_APPICON_NAME = AppIcon;
				FRAMEWORK_SEARCH_PATHS = (
					"$(inherited)",
					"$(PROJECT_DIR)",
				);
				INFOPLIST_FILE = Fairwell_IOS/Info.plist;
				LD_RUNPATH_SEARCH_PATHS = "$(inherited) @executable_path/Frameworks";
				PRODUCT_BUNDLE_IDENTIFIER = "mymacbook.Fairwell-IOS";
				PRODUCT_NAME = "$(TARGET_NAME)";
			};
			name = Debug;
		};
		2D214C561BDF47CB00E1736A /* Release */ = {
			isa = XCBuildConfiguration;
			buildSettings = {
				ASSETCATALOG_COMPILER_APPICON_NAME = AppIcon;
				FRAMEWORK_SEARCH_PATHS = (
					"$(inherited)",
					"$(PROJECT_DIR)",
				);
				INFOPLIST_FILE = Fairwell_IOS/Info.plist;
				LD_RUNPATH_SEARCH_PATHS = "$(inherited) @executable_path/Frameworks";
				PRODUCT_BUNDLE_IDENTIFIER = "mymacbook.Fairwell-IOS";
				PRODUCT_NAME = "$(TARGET_NAME)";
			};
			name = Release;
		};
/* End XCBuildConfiguration section */

/* Begin XCConfigurationList section */
		2D214C381BDF47CB00E1736A /* Build configuration list for PBXProject "Fairwell_IOS" */ = {
			isa = XCConfigurationList;
			buildConfigurations = (
				2D214C521BDF47CB00E1736A /* Debug */,
				2D214C531BDF47CB00E1736A /* Release */,
			);
			defaultConfigurationIsVisible = 0;
			defaultConfigurationName = Release;
		};
		2D214C541BDF47CB00E1736A /* Build configuration list for PBXNativeTarget "Fairwell_IOS" */ = {
			isa = XCConfigurationList;
			buildConfigurations = (
				2D214C551BDF47CB00E1736A /* Debug */,
				2D214C561BDF47CB00E1736A /* Release */,
			);
			defaultConfigurationIsVisible = 0;
		};
/* End XCConfigurationList section */
	};
	rootObject = 2D214C351BDF47CB00E1736A /* Project object */;
}
