// !$*UTF8*$!
{
	archiveVersion = 1;
	classes = {
	};
	objectVersion = 46;
	objects = {

/* Begin PBXBuildFile section */
		2D214C901BE167AF00E1736A /* main.m in Sources */ = {isa = PBXBuildFile; fileRef = 2D214C8F1BE167AF00E1736A /* main.m */; };
		2D214C931BE167AF00E1736A /* AppDelegate.m in Sources */ = {isa = PBXBuildFile; fileRef = 2D214C921BE167AF00E1736A /* AppDelegate.m */; };
		2D214C961BE167AF00E1736A /* ViewController.m in Sources */ = {isa = PBXBuildFile; fileRef = 2D214C951BE167AF00E1736A /* ViewController.m */; };
		2D214C9B1BE167AF00E1736A /* Assets.xcassets in Resources */ = {isa = PBXBuildFile; fileRef = 2D214C9A1BE167AF00E1736A /* Assets.xcassets */; };
		2D214C9E1BE167AF00E1736A /* LaunchScreen.storyboard in Resources */ = {isa = PBXBuildFile; fileRef = 2D214C9C1BE167AF00E1736A /* LaunchScreen.storyboard */; };
		2D214CD31BE17B1600E1736A /* app-logo.PNG in Resources */ = {isa = PBXBuildFile; fileRef = 2D214CBA1BE17B1600E1736A /* app-logo.PNG */; settings = {ASSET_TAGS = (); }; };
		2D214CD41BE17B1600E1736A /* appicon.png in Resources */ = {isa = PBXBuildFile; fileRef = 2D214CBB1BE17B1600E1736A /* appicon.png */; settings = {ASSET_TAGS = (); }; };
		2D214CD51BE17B1600E1736A /* concat_pics.jpg in Resources */ = {isa = PBXBuildFile; fileRef = 2D214CBC1BE17B1600E1736A /* concat_pics.jpg */; settings = {ASSET_TAGS = (); }; };
		2D214CD61BE17B1600E1736A /* facebook_button.png in Resources */ = {isa = PBXBuildFile; fileRef = 2D214CBD1BE17B1600E1736A /* facebook_button.png */; settings = {ASSET_TAGS = (); }; };
		2D214CD71BE17B1600E1736A /* icon_1.jpg in Resources */ = {isa = PBXBuildFile; fileRef = 2D214CBE1BE17B1600E1736A /* icon_1.jpg */; settings = {ASSET_TAGS = (); }; };
		2D214CD81BE17B1600E1736A /* icon_1a.jpg in Resources */ = {isa = PBXBuildFile; fileRef = 2D214CBF1BE17B1600E1736A /* icon_1a.jpg */; settings = {ASSET_TAGS = (); }; };
		2D214CD91BE17B1600E1736A /* icon_2.jpg in Resources */ = {isa = PBXBuildFile; fileRef = 2D214CC01BE17B1600E1736A /* icon_2.jpg */; settings = {ASSET_TAGS = (); }; };
		2D214CDA1BE17B1600E1736A /* icon_2a.jpg in Resources */ = {isa = PBXBuildFile; fileRef = 2D214CC11BE17B1600E1736A /* icon_2a.jpg */; settings = {ASSET_TAGS = (); }; };
		2D214CDB1BE17B1600E1736A /* icon_3.jpg in Resources */ = {isa = PBXBuildFile; fileRef = 2D214CC21BE17B1600E1736A /* icon_3.jpg */; settings = {ASSET_TAGS = (); }; };
		2D214CDC1BE17B1600E1736A /* icon_3a.jpg in Resources */ = {isa = PBXBuildFile; fileRef = 2D214CC31BE17B1600E1736A /* icon_3a.jpg */; settings = {ASSET_TAGS = (); }; };
		2D214CDD1BE17B1600E1736A /* icon_4.jpg in Resources */ = {isa = PBXBuildFile; fileRef = 2D214CC41BE17B1600E1736A /* icon_4.jpg */; settings = {ASSET_TAGS = (); }; };
		2D214CDE1BE17B1600E1736A /* icon_4a.jpg in Resources */ = {isa = PBXBuildFile; fileRef = 2D214CC51BE17B1600E1736A /* icon_4a.jpg */; settings = {ASSET_TAGS = (); }; };
		2D214CDF1BE17B1600E1736A /* icon_5.jpg in Resources */ = {isa = PBXBuildFile; fileRef = 2D214CC61BE17B1600E1736A /* icon_5.jpg */; settings = {ASSET_TAGS = (); }; };
		2D214CE01BE17B1600E1736A /* icon_5a.jpg in Resources */ = {isa = PBXBuildFile; fileRef = 2D214CC71BE17B1600E1736A /* icon_5a.jpg */; settings = {ASSET_TAGS = (); }; };
		2D214CE11BE17B1600E1736A /* icon_6.jpg in Resources */ = {isa = PBXBuildFile; fileRef = 2D214CC81BE17B1600E1736A /* icon_6.jpg */; settings = {ASSET_TAGS = (); }; };
		2D214CE21BE17B1600E1736A /* icon_6a.jpg in Resources */ = {isa = PBXBuildFile; fileRef = 2D214CC91BE17B1600E1736A /* icon_6a.jpg */; settings = {ASSET_TAGS = (); }; };
		2D214CE31BE17B1600E1736A /* icon_7.jpg in Resources */ = {isa = PBXBuildFile; fileRef = 2D214CCA1BE17B1600E1736A /* icon_7.jpg */; settings = {ASSET_TAGS = (); }; };
		2D214CE41BE17B1600E1736A /* icon_7a.jpg in Resources */ = {isa = PBXBuildFile; fileRef = 2D214CCB1BE17B1600E1736A /* icon_7a.jpg */; settings = {ASSET_TAGS = (); }; };
		2D214CE51BE17B1700E1736A /* login_button.png in Resources */ = {isa = PBXBuildFile; fileRef = 2D214CCC1BE17B1600E1736A /* login_button.png */; settings = {ASSET_TAGS = (); }; };
		2D214CE61BE17B1700E1736A /* nav-icon (1).png in Resources */ = {isa = PBXBuildFile; fileRef = 2D214CCD1BE17B1600E1736A /* nav-icon (1).png */; settings = {ASSET_TAGS = (); }; };
		2D214CE71BE17B1700E1736A /* profilepic.png in Resources */ = {isa = PBXBuildFile; fileRef = 2D214CCE1BE17B1600E1736A /* profilepic.png */; settings = {ASSET_TAGS = (); }; };
		2D214CE81BE17B1700E1736A /* README.md in Sources */ = {isa = PBXBuildFile; fileRef = 2D214CCF1BE17B1600E1736A /* README.md */; settings = {ASSET_TAGS = (); }; };
		2D214CE91BE17B1700E1736A /* register_button.png in Resources */ = {isa = PBXBuildFile; fileRef = 2D214CD01BE17B1600E1736A /* register_button.png */; settings = {ASSET_TAGS = (); }; };
		2D214CEA1BE17B1700E1736A /* title.PNG in Resources */ = {isa = PBXBuildFile; fileRef = 2D214CD11BE17B1600E1736A /* title.PNG */; settings = {ASSET_TAGS = (); }; };
		2D214CEB1BE17B1700E1736A /* twitter_button.png in Resources */ = {isa = PBXBuildFile; fileRef = 2D214CD21BE17B1600E1736A /* twitter_button.png */; settings = {ASSET_TAGS = (); }; };
		2D214D271BE1CD7700E1736A /* Bolts.framework in Frameworks */ = {isa = PBXBuildFile; fileRef = 2D214D201BE1CD7700E1736A /* Bolts.framework */; settings = {ASSET_TAGS = (); }; };
		2D214D281BE1CD7700E1736A /* Parse.framework in Frameworks */ = {isa = PBXBuildFile; fileRef = 2D214D211BE1CD7700E1736A /* Parse.framework */; settings = {ASSET_TAGS = (); }; };
		2D214D291BE1CD7700E1736A /* ParseCrashReporting.framework in Frameworks */ = {isa = PBXBuildFile; fileRef = 2D214D221BE1CD7700E1736A /* ParseCrashReporting.framework */; settings = {ASSET_TAGS = (); }; };
		2D214D2A1BE1CD7700E1736A /* ParseFacebookUtils.framework in Frameworks */ = {isa = PBXBuildFile; fileRef = 2D214D231BE1CD7700E1736A /* ParseFacebookUtils.framework */; settings = {ASSET_TAGS = (); }; };
		2D214D2B1BE1CD7700E1736A /* ParseFacebookUtilsV4.framework in Frameworks */ = {isa = PBXBuildFile; fileRef = 2D214D241BE1CD7700E1736A /* ParseFacebookUtilsV4.framework */; settings = {ASSET_TAGS = (); }; };
		2D214D2C1BE1CD7700E1736A /* ParseTwitterUtils.framework in Frameworks */ = {isa = PBXBuildFile; fileRef = 2D214D251BE1CD7700E1736A /* ParseTwitterUtils.framework */; settings = {ASSET_TAGS = (); }; };
		2D214D2D1BE1CD7700E1736A /* ParseUI.framework in Frameworks */ = {isa = PBXBuildFile; fileRef = 2D214D261BE1CD7700E1736A /* ParseUI.framework */; settings = {ASSET_TAGS = (); }; };
		2D214D2F1BE1CDF400E1736A /* Accounts.framework in Frameworks */ = {isa = PBXBuildFile; fileRef = 2D214D2E1BE1CDF400E1736A /* Accounts.framework */; };
		2D214D311BE1CDFB00E1736A /* AudioToolbox.framework in Frameworks */ = {isa = PBXBuildFile; fileRef = 2D214D301BE1CDFB00E1736A /* AudioToolbox.framework */; };
		2D214D331BE1CE0100E1736A /* CFNetwork.framework in Frameworks */ = {isa = PBXBuildFile; fileRef = 2D214D321BE1CE0100E1736A /* CFNetwork.framework */; };
		2D214D351BE1CE0700E1736A /* CoreGraphics.framework in Frameworks */ = {isa = PBXBuildFile; fileRef = 2D214D341BE1CE0700E1736A /* CoreGraphics.framework */; };
		2D214D371BE1CE0E00E1736A /* CoreLocation.framework in Frameworks */ = {isa = PBXBuildFile; fileRef = 2D214D361BE1CE0E00E1736A /* CoreLocation.framework */; };
		2D214D391BE1CE1300E1736A /* QuartzCore.framework in Frameworks */ = {isa = PBXBuildFile; fileRef = 2D214D381BE1CE1300E1736A /* QuartzCore.framework */; };
		2D214D3B1BE1CE1900E1736A /* Security.framework in Frameworks */ = {isa = PBXBuildFile; fileRef = 2D214D3A1BE1CE1900E1736A /* Security.framework */; };
		2D214D3D1BE1CE1E00E1736A /* Social.framework in Frameworks */ = {isa = PBXBuildFile; fileRef = 2D214D3C1BE1CE1E00E1736A /* Social.framework */; };
		2D214D3F1BE1CE2500E1736A /* StoreKit.framework in Frameworks */ = {isa = PBXBuildFile; fileRef = 2D214D3E1BE1CE2500E1736A /* StoreKit.framework */; };
		2D214D411BE1CE2A00E1736A /* SystemConfiguration.framework in Frameworks */ = {isa = PBXBuildFile; fileRef = 2D214D401BE1CE2A00E1736A /* SystemConfiguration.framework */; };
		2D214D431BE1CE3000E1736A /* libz.tbd in Frameworks */ = {isa = PBXBuildFile; fileRef = 2D214D421BE1CE3000E1736A /* libz.tbd */; };
		2D214D451BE1CE3500E1736A /* libsqlite3.tbd in Frameworks */ = {isa = PBXBuildFile; fileRef = 2D214D441BE1CE3500E1736A /* libsqlite3.tbd */; };
		2D214D481BE1CF8200E1736A /* MyConnector.m in Sources */ = {isa = PBXBuildFile; fileRef = 2D214D471BE1CF8200E1736A /* MyConnector.m */; settings = {ASSET_TAGS = (); }; };
		2D214D561BE1D56B00E1736A /* RegisterPageViewController.swift in Sources */ = {isa = PBXBuildFile; fileRef = 2D214D551BE1D56B00E1736A /* RegisterPageViewController.swift */; settings = {ASSET_TAGS = (); }; };
		2D214D5B1BE21B8D00E1736A /* LoginViewController.swift in Sources */ = {isa = PBXBuildFile; fileRef = 2D214D5A1BE21B8D00E1736A /* LoginViewController.swift */; settings = {ASSET_TAGS = (); }; };
		2D214D6B1BE4062500E1736A /* Main.storyboard in Resources */ = {isa = PBXBuildFile; fileRef = 2D214D6A1BE4062500E1736A /* Main.storyboard */; settings = {ASSET_TAGS = (); }; };
/* End PBXBuildFile section */

/* Begin PBXFileReference section */
		2D214C8B1BE167AF00E1736A /* FAIRWELL.app */ = {isa = PBXFileReference; explicitFileType = wrapper.application; includeInIndex = 0; path = FAIRWELL.app; sourceTree = BUILT_PRODUCTS_DIR; };
		2D214C8F1BE167AF00E1736A /* main.m */ = {isa = PBXFileReference; lastKnownFileType = sourcecode.c.objc; path = main.m; sourceTree = "<group>"; };
		2D214C911BE167AF00E1736A /* AppDelegate.h */ = {isa = PBXFileReference; lastKnownFileType = sourcecode.c.h; path = AppDelegate.h; sourceTree = "<group>"; };
		2D214C921BE167AF00E1736A /* AppDelegate.m */ = {isa = PBXFileReference; lastKnownFileType = sourcecode.c.objc; path = AppDelegate.m; sourceTree = "<group>"; };
		2D214C941BE167AF00E1736A /* ViewController.h */ = {isa = PBXFileReference; lastKnownFileType = sourcecode.c.h; path = ViewController.h; sourceTree = "<group>"; };
		2D214C951BE167AF00E1736A /* ViewController.m */ = {isa = PBXFileReference; lastKnownFileType = sourcecode.c.objc; path = ViewController.m; sourceTree = "<group>"; };
		2D214C9A1BE167AF00E1736A /* Assets.xcassets */ = {isa = PBXFileReference; lastKnownFileType = folder.assetcatalog; path = Assets.xcassets; sourceTree = "<group>"; };
		2D214C9D1BE167AF00E1736A /* Base */ = {isa = PBXFileReference; lastKnownFileType = file.storyboard; name = Base; path = Base.lproj/LaunchScreen.storyboard; sourceTree = "<group>"; };
		2D214C9F1BE167AF00E1736A /* Info.plist */ = {isa = PBXFileReference; lastKnownFileType = text.plist.xml; path = Info.plist; sourceTree = "<group>"; };
		2D214CBA1BE17B1600E1736A /* app-logo.PNG */ = {isa = PBXFileReference; lastKnownFileType = image.png; path = "app-logo.PNG"; sourceTree = "<group>"; };
		2D214CBB1BE17B1600E1736A /* appicon.png */ = {isa = PBXFileReference; lastKnownFileType = image.png; path = appicon.png; sourceTree = "<group>"; };
		2D214CBC1BE17B1600E1736A /* concat_pics.jpg */ = {isa = PBXFileReference; lastKnownFileType = image.jpeg; path = concat_pics.jpg; sourceTree = "<group>"; };
		2D214CBD1BE17B1600E1736A /* facebook_button.png */ = {isa = PBXFileReference; lastKnownFileType = image.png; path = facebook_button.png; sourceTree = "<group>"; };
		2D214CBE1BE17B1600E1736A /* icon_1.jpg */ = {isa = PBXFileReference; lastKnownFileType = image.jpeg; path = icon_1.jpg; sourceTree = "<group>"; };
		2D214CBF1BE17B1600E1736A /* icon_1a.jpg */ = {isa = PBXFileReference; lastKnownFileType = image.jpeg; path = icon_1a.jpg; sourceTree = "<group>"; };
		2D214CC01BE17B1600E1736A /* icon_2.jpg */ = {isa = PBXFileReference; lastKnownFileType = image.jpeg; path = icon_2.jpg; sourceTree = "<group>"; };
		2D214CC11BE17B1600E1736A /* icon_2a.jpg */ = {isa = PBXFileReference; lastKnownFileType = image.jpeg; path = icon_2a.jpg; sourceTree = "<group>"; };
		2D214CC21BE17B1600E1736A /* icon_3.jpg */ = {isa = PBXFileReference; lastKnownFileType = image.jpeg; path = icon_3.jpg; sourceTree = "<group>"; };
		2D214CC31BE17B1600E1736A /* icon_3a.jpg */ = {isa = PBXFileReference; lastKnownFileType = image.jpeg; path = icon_3a.jpg; sourceTree = "<group>"; };
		2D214CC41BE17B1600E1736A /* icon_4.jpg */ = {isa = PBXFileReference; lastKnownFileType = image.jpeg; path = icon_4.jpg; sourceTree = "<group>"; };
		2D214CC51BE17B1600E1736A /* icon_4a.jpg */ = {isa = PBXFileReference; lastKnownFileType = image.jpeg; path = icon_4a.jpg; sourceTree = "<group>"; };
		2D214CC61BE17B1600E1736A /* icon_5.jpg */ = {isa = PBXFileReference; lastKnownFileType = image.jpeg; path = icon_5.jpg; sourceTree = "<group>"; };
		2D214CC71BE17B1600E1736A /* icon_5a.jpg */ = {isa = PBXFileReference; lastKnownFileType = image.jpeg; path = icon_5a.jpg; sourceTree = "<group>"; };
		2D214CC81BE17B1600E1736A /* icon_6.jpg */ = {isa = PBXFileReference; lastKnownFileType = image.jpeg; path = icon_6.jpg; sourceTree = "<group>"; };
		2D214CC91BE17B1600E1736A /* icon_6a.jpg */ = {isa = PBXFileReference; lastKnownFileType = image.jpeg; path = icon_6a.jpg; sourceTree = "<group>"; };
		2D214CCA1BE17B1600E1736A /* icon_7.jpg */ = {isa = PBXFileReference; lastKnownFileType = image.jpeg; path = icon_7.jpg; sourceTree = "<group>"; };
		2D214CCB1BE17B1600E1736A /* icon_7a.jpg */ = {isa = PBXFileReference; lastKnownFileType = image.jpeg; path = icon_7a.jpg; sourceTree = "<group>"; };
		2D214CCC1BE17B1600E1736A /* login_button.png */ = {isa = PBXFileReference; lastKnownFileType = image.png; path = login_button.png; sourceTree = "<group>"; };
		2D214CCD1BE17B1600E1736A /* nav-icon (1).png */ = {isa = PBXFileReference; lastKnownFileType = image.png; path = "nav-icon (1).png"; sourceTree = "<group>"; };
		2D214CCE1BE17B1600E1736A /* profilepic.png */ = {isa = PBXFileReference; lastKnownFileType = image.png; path = profilepic.png; sourceTree = "<group>"; };
		2D214CCF1BE17B1600E1736A /* README.md */ = {isa = PBXFileReference; fileEncoding = 4; lastKnownFileType = net.daringfireball.markdown; path = README.md; sourceTree = "<group>"; };
		2D214CD01BE17B1600E1736A /* register_button.png */ = {isa = PBXFileReference; lastKnownFileType = image.png; path = register_button.png; sourceTree = "<group>"; };
		2D214CD11BE17B1600E1736A /* title.PNG */ = {isa = PBXFileReference; lastKnownFileType = image.png; path = title.PNG; sourceTree = "<group>"; };
		2D214CD21BE17B1600E1736A /* twitter_button.png */ = {isa = PBXFileReference; lastKnownFileType = image.png; path = twitter_button.png; sourceTree = "<group>"; };
		2D214D201BE1CD7700E1736A /* Bolts.framework */ = {isa = PBXFileReference; lastKnownFileType = wrapper.framework; path = Bolts.framework; sourceTree = "<group>"; };
		2D214D211BE1CD7700E1736A /* Parse.framework */ = {isa = PBXFileReference; lastKnownFileType = wrapper.framework; path = Parse.framework; sourceTree = "<group>"; };
		2D214D221BE1CD7700E1736A /* ParseCrashReporting.framework */ = {isa = PBXFileReference; lastKnownFileType = wrapper.framework; path = ParseCrashReporting.framework; sourceTree = "<group>"; };
		2D214D231BE1CD7700E1736A /* ParseFacebookUtils.framework */ = {isa = PBXFileReference; lastKnownFileType = wrapper.framework; path = ParseFacebookUtils.framework; sourceTree = "<group>"; };
		2D214D241BE1CD7700E1736A /* ParseFacebookUtilsV4.framework */ = {isa = PBXFileReference; lastKnownFileType = wrapper.framework; path = ParseFacebookUtilsV4.framework; sourceTree = "<group>"; };
		2D214D251BE1CD7700E1736A /* ParseTwitterUtils.framework */ = {isa = PBXFileReference; lastKnownFileType = wrapper.framework; path = ParseTwitterUtils.framework; sourceTree = "<group>"; };
		2D214D261BE1CD7700E1736A /* ParseUI.framework */ = {isa = PBXFileReference; lastKnownFileType = wrapper.framework; path = ParseUI.framework; sourceTree = "<group>"; };
		2D214D2E1BE1CDF400E1736A /* Accounts.framework */ = {isa = PBXFileReference; lastKnownFileType = wrapper.framework; name = Accounts.framework; path = System/Library/Frameworks/Accounts.framework; sourceTree = SDKROOT; };
		2D214D301BE1CDFB00E1736A /* AudioToolbox.framework */ = {isa = PBXFileReference; lastKnownFileType = wrapper.framework; name = AudioToolbox.framework; path = System/Library/Frameworks/AudioToolbox.framework; sourceTree = SDKROOT; };
		2D214D321BE1CE0100E1736A /* CFNetwork.framework */ = {isa = PBXFileReference; lastKnownFileType = wrapper.framework; name = CFNetwork.framework; path = System/Library/Frameworks/CFNetwork.framework; sourceTree = SDKROOT; };
		2D214D341BE1CE0700E1736A /* CoreGraphics.framework */ = {isa = PBXFileReference; lastKnownFileType = wrapper.framework; name = CoreGraphics.framework; path = System/Library/Frameworks/CoreGraphics.framework; sourceTree = SDKROOT; };
		2D214D361BE1CE0E00E1736A /* CoreLocation.framework */ = {isa = PBXFileReference; lastKnownFileType = wrapper.framework; name = CoreLocation.framework; path = System/Library/Frameworks/CoreLocation.framework; sourceTree = SDKROOT; };
		2D214D381BE1CE1300E1736A /* QuartzCore.framework */ = {isa = PBXFileReference; lastKnownFileType = wrapper.framework; name = QuartzCore.framework; path = System/Library/Frameworks/QuartzCore.framework; sourceTree = SDKROOT; };
		2D214D3A1BE1CE1900E1736A /* Security.framework */ = {isa = PBXFileReference; lastKnownFileType = wrapper.framework; name = Security.framework; path = System/Library/Frameworks/Security.framework; sourceTree = SDKROOT; };
		2D214D3C1BE1CE1E00E1736A /* Social.framework */ = {isa = PBXFileReference; lastKnownFileType = wrapper.framework; name = Social.framework; path = System/Library/Frameworks/Social.framework; sourceTree = SDKROOT; };
		2D214D3E1BE1CE2500E1736A /* StoreKit.framework */ = {isa = PBXFileReference; lastKnownFileType = wrapper.framework; name = StoreKit.framework; path = System/Library/Frameworks/StoreKit.framework; sourceTree = SDKROOT; };
		2D214D401BE1CE2A00E1736A /* SystemConfiguration.framework */ = {isa = PBXFileReference; lastKnownFileType = wrapper.framework; name = SystemConfiguration.framework; path = System/Library/Frameworks/SystemConfiguration.framework; sourceTree = SDKROOT; };
		2D214D421BE1CE3000E1736A /* libz.tbd */ = {isa = PBXFileReference; lastKnownFileType = "sourcecode.text-based-dylib-definition"; name = libz.tbd; path = usr/lib/libz.tbd; sourceTree = SDKROOT; };
		2D214D441BE1CE3500E1736A /* libsqlite3.tbd */ = {isa = PBXFileReference; lastKnownFileType = "sourcecode.text-based-dylib-definition"; name = libsqlite3.tbd; path = usr/lib/libsqlite3.tbd; sourceTree = SDKROOT; };
		2D214D461BE1CF8200E1736A /* MyConnector.h */ = {isa = PBXFileReference; fileEncoding = 4; lastKnownFileType = sourcecode.c.h; path = MyConnector.h; sourceTree = "<group>"; };
		2D214D471BE1CF8200E1736A /* MyConnector.m */ = {isa = PBXFileReference; fileEncoding = 4; lastKnownFileType = sourcecode.c.objc; path = MyConnector.m; sourceTree = "<group>"; };
		2D214D491BE1CFD900E1736A /* FAIRWELL-Bridging-Header.h */ = {isa = PBXFileReference; lastKnownFileType = sourcecode.c.h; path = "FAIRWELL-Bridging-Header.h"; sourceTree = "<group>"; };
		2D214D551BE1D56B00E1736A /* RegisterPageViewController.swift */ = {isa = PBXFileReference; fileEncoding = 4; lastKnownFileType = sourcecode.swift; path = RegisterPageViewController.swift; sourceTree = "<group>"; };
		2D214D5A1BE21B8D00E1736A /* LoginViewController.swift */ = {isa = PBXFileReference; fileEncoding = 4; lastKnownFileType = sourcecode.swift; path = LoginViewController.swift; sourceTree = "<group>"; };
		2D214D6A1BE4062500E1736A /* Main.storyboard */ = {isa = PBXFileReference; fileEncoding = 4; lastKnownFileType = file.storyboard; path = Main.storyboard; sourceTree = "<group>"; };
/* End PBXFileReference section */

/* Begin PBXFrameworksBuildPhase section */
		2D214C881BE167AF00E1736A /* Frameworks */ = {
			isa = PBXFrameworksBuildPhase;
			buildActionMask = 2147483647;
			files = (
				2D214D451BE1CE3500E1736A /* libsqlite3.tbd in Frameworks */,
				2D214D431BE1CE3000E1736A /* libz.tbd in Frameworks */,
				2D214D411BE1CE2A00E1736A /* SystemConfiguration.framework in Frameworks */,
				2D214D3F1BE1CE2500E1736A /* StoreKit.framework in Frameworks */,
				2D214D3D1BE1CE1E00E1736A /* Social.framework in Frameworks */,
				2D214D3B1BE1CE1900E1736A /* Security.framework in Frameworks */,
				2D214D391BE1CE1300E1736A /* QuartzCore.framework in Frameworks */,
				2D214D371BE1CE0E00E1736A /* CoreLocation.framework in Frameworks */,
				2D214D351BE1CE0700E1736A /* CoreGraphics.framework in Frameworks */,
				2D214D331BE1CE0100E1736A /* CFNetwork.framework in Frameworks */,
				2D214D311BE1CDFB00E1736A /* AudioToolbox.framework in Frameworks */,
				2D214D2F1BE1CDF400E1736A /* Accounts.framework in Frameworks */,
				2D214D281BE1CD7700E1736A /* Parse.framework in Frameworks */,
				2D214D291BE1CD7700E1736A /* ParseCrashReporting.framework in Frameworks */,
				2D214D2D1BE1CD7700E1736A /* ParseUI.framework in Frameworks */,
				2D214D2A1BE1CD7700E1736A /* ParseFacebookUtils.framework in Frameworks */,
				2D214D271BE1CD7700E1736A /* Bolts.framework in Frameworks */,
				2D214D2C1BE1CD7700E1736A /* ParseTwitterUtils.framework in Frameworks */,
				2D214D2B1BE1CD7700E1736A /* ParseFacebookUtilsV4.framework in Frameworks */,
			);
			runOnlyForDeploymentPostprocessing = 0;
		};
/* End PBXFrameworksBuildPhase section */

/* Begin PBXGroup section */
		2D214C821BE167AF00E1736A = {
			isa = PBXGroup;
			children = (
				2D214D1F1BE1CD6300E1736A /* Frameworks */,
				2D214C8D1BE167AF00E1736A /* FAIRWELL */,
				2D214C8C1BE167AF00E1736A /* Products */,
			);
			sourceTree = "<group>";
		};
		2D214C8C1BE167AF00E1736A /* Products */ = {
			isa = PBXGroup;
			children = (
				2D214C8B1BE167AF00E1736A /* FAIRWELL.app */,
			);
			name = Products;
			sourceTree = "<group>";
		};
		2D214C8D1BE167AF00E1736A /* FAIRWELL */ = {
			isa = PBXGroup;
			children = (
				2D214CB91BE17AE200E1736A /* images */,
				2D214C911BE167AF00E1736A /* AppDelegate.h */,
				2D214C921BE167AF00E1736A /* AppDelegate.m */,
				2D214C941BE167AF00E1736A /* ViewController.h */,
				2D214C951BE167AF00E1736A /* ViewController.m */,
				2D214C9A1BE167AF00E1736A /* Assets.xcassets */,
				2D214D6A1BE4062500E1736A /* Main.storyboard */,
				2D214C9C1BE167AF00E1736A /* LaunchScreen.storyboard */,
				2D214C9F1BE167AF00E1736A /* Info.plist */,
				2D214C8E1BE167AF00E1736A /* Supporting Files */,
				2D214D461BE1CF8200E1736A /* MyConnector.h */,
				2D214D471BE1CF8200E1736A /* MyConnector.m */,
				2D214D491BE1CFD900E1736A /* FAIRWELL-Bridging-Header.h */,
				2D214D551BE1D56B00E1736A /* RegisterPageViewController.swift */,
				2D214D5A1BE21B8D00E1736A /* LoginViewController.swift */,
			);
			path = FAIRWELL;
			sourceTree = "<group>";
		};
		2D214C8E1BE167AF00E1736A /* Supporting Files */ = {
			isa = PBXGroup;
			children = (
				2D214C8F1BE167AF00E1736A /* main.m */,
			);
			name = "Supporting Files";
			sourceTree = "<group>";
		};
		2D214CB91BE17AE200E1736A /* images */ = {
			isa = PBXGroup;
			children = (
				2D214CBA1BE17B1600E1736A /* app-logo.PNG */,
				2D214CBB1BE17B1600E1736A /* appicon.png */,
				2D214CBC1BE17B1600E1736A /* concat_pics.jpg */,
				2D214CBD1BE17B1600E1736A /* facebook_button.png */,
				2D214CBE1BE17B1600E1736A /* icon_1.jpg */,
				2D214CBF1BE17B1600E1736A /* icon_1a.jpg */,
				2D214CC01BE17B1600E1736A /* icon_2.jpg */,
				2D214CC11BE17B1600E1736A /* icon_2a.jpg */,
				2D214CC21BE17B1600E1736A /* icon_3.jpg */,
				2D214CC31BE17B1600E1736A /* icon_3a.jpg */,
				2D214CC41BE17B1600E1736A /* icon_4.jpg */,
				2D214CC51BE17B1600E1736A /* icon_4a.jpg */,
				2D214CC61BE17B1600E1736A /* icon_5.jpg */,
				2D214CC71BE17B1600E1736A /* icon_5a.jpg */,
				2D214CC81BE17B1600E1736A /* icon_6.jpg */,
				2D214CC91BE17B1600E1736A /* icon_6a.jpg */,
				2D214CCA1BE17B1600E1736A /* icon_7.jpg */,
				2D214CCB1BE17B1600E1736A /* icon_7a.jpg */,
				2D214CCC1BE17B1600E1736A /* login_button.png */,
				2D214CCD1BE17B1600E1736A /* nav-icon (1).png */,
				2D214CCE1BE17B1600E1736A /* profilepic.png */,
				2D214CCF1BE17B1600E1736A /* README.md */,
				2D214CD01BE17B1600E1736A /* register_button.png */,
				2D214CD11BE17B1600E1736A /* title.PNG */,
				2D214CD21BE17B1600E1736A /* twitter_button.png */,
			);
			name = images;
			path = ..;
			sourceTree = "<group>";
		};
		2D214D1F1BE1CD6300E1736A /* Frameworks */ = {
			isa = PBXGroup;
			children = (
				2D214D441BE1CE3500E1736A /* libsqlite3.tbd */,
				2D214D421BE1CE3000E1736A /* libz.tbd */,
				2D214D401BE1CE2A00E1736A /* SystemConfiguration.framework */,
				2D214D3E1BE1CE2500E1736A /* StoreKit.framework */,
				2D214D3C1BE1CE1E00E1736A /* Social.framework */,
				2D214D3A1BE1CE1900E1736A /* Security.framework */,
				2D214D381BE1CE1300E1736A /* QuartzCore.framework */,
				2D214D361BE1CE0E00E1736A /* CoreLocation.framework */,
				2D214D341BE1CE0700E1736A /* CoreGraphics.framework */,
				2D214D321BE1CE0100E1736A /* CFNetwork.framework */,
				2D214D301BE1CDFB00E1736A /* AudioToolbox.framework */,
				2D214D2E1BE1CDF400E1736A /* Accounts.framework */,
				2D214D201BE1CD7700E1736A /* Bolts.framework */,
				2D214D211BE1CD7700E1736A /* Parse.framework */,
				2D214D221BE1CD7700E1736A /* ParseCrashReporting.framework */,
				2D214D231BE1CD7700E1736A /* ParseFacebookUtils.framework */,
				2D214D241BE1CD7700E1736A /* ParseFacebookUtilsV4.framework */,
				2D214D251BE1CD7700E1736A /* ParseTwitterUtils.framework */,
				2D214D261BE1CD7700E1736A /* ParseUI.framework */,
			);
			name = Frameworks;
			sourceTree = "<group>";
		};
/* End PBXGroup section */

/* Begin PBXNativeTarget section */
		2D214C8A1BE167AF00E1736A /* FAIRWELL */ = {
			isa = PBXNativeTarget;
			buildConfigurationList = 2D214CA21BE167AF00E1736A /* Build configuration list for PBXNativeTarget "FAIRWELL" */;
			buildPhases = (
				2D214C871BE167AF00E1736A /* Sources */,
				2D214C881BE167AF00E1736A /* Frameworks */,
				2D214C891BE167AF00E1736A /* Resources */,
			);
			buildRules = (
			);
			dependencies = (
			);
			name = FAIRWELL;
			productName = FAIRWELL;
			productReference = 2D214C8B1BE167AF00E1736A /* FAIRWELL.app */;
			productType = "com.apple.product-type.application";
		};
/* End PBXNativeTarget section */

/* Begin PBXProject section */
		2D214C831BE167AF00E1736A /* Project object */ = {
			isa = PBXProject;
			attributes = {
				LastSwiftUpdateCheck = 0700;
				LastUpgradeCheck = 0700;
				ORGANIZATIONNAME = "Winnie Liang";
				TargetAttributes = {
					2D214C8A1BE167AF00E1736A = {
						CreatedOnToolsVersion = 7.0.1;
						DevelopmentTeam = HZY6EG5BJ7;
					};
				};
			};
			buildConfigurationList = 2D214C861BE167AF00E1736A /* Build configuration list for PBXProject "FAIRWELL" */;
			compatibilityVersion = "Xcode 3.2";
			developmentRegion = English;
			hasScannedForEncodings = 0;
			knownRegions = (
				en,
				Base,
			);
			mainGroup = 2D214C821BE167AF00E1736A;
			productRefGroup = 2D214C8C1BE167AF00E1736A /* Products */;
			projectDirPath = "";
			projectRoot = "";
			targets = (
				2D214C8A1BE167AF00E1736A /* FAIRWELL */,
			);
		};
/* End PBXProject section */

/* Begin PBXResourcesBuildPhase section */
		2D214C891BE167AF00E1736A /* Resources */ = {
			isa = PBXResourcesBuildPhase;
			buildActionMask = 2147483647;
			files = (
				2D214CD51BE17B1600E1736A /* concat_pics.jpg in Resources */,
				2D214CDC1BE17B1600E1736A /* icon_3a.jpg in Resources */,
				2D214CE61BE17B1700E1736A /* nav-icon (1).png in Resources */,
				2D214CD41BE17B1600E1736A /* appicon.png in Resources */,
				2D214CD71BE17B1600E1736A /* icon_1.jpg in Resources */,
				2D214CE31BE17B1600E1736A /* icon_7.jpg in Resources */,
				2D214D6B1BE4062500E1736A /* Main.storyboard in Resources */,
				2D214CE71BE17B1700E1736A /* profilepic.png in Resources */,
				2D214CE21BE17B1600E1736A /* icon_6a.jpg in Resources */,
				2D214CE91BE17B1700E1736A /* register_button.png in Resources */,
				2D214C9E1BE167AF00E1736A /* LaunchScreen.storyboard in Resources */,
				2D214CEA1BE17B1700E1736A /* title.PNG in Resources */,
				2D214CDB1BE17B1600E1736A /* icon_3.jpg in Resources */,
				2D214CDF1BE17B1600E1736A /* icon_5.jpg in Resources */,
				2D214CE11BE17B1600E1736A /* icon_6.jpg in Resources */,
				2D214C9B1BE167AF00E1736A /* Assets.xcassets in Resources */,
				2D214CEB1BE17B1700E1736A /* twitter_button.png in Resources */,
				2D214CE51BE17B1700E1736A /* login_button.png in Resources */,
				2D214CDA1BE17B1600E1736A /* icon_2a.jpg in Resources */,
				2D214CD31BE17B1600E1736A /* app-logo.PNG in Resources */,
				2D214CD81BE17B1600E1736A /* icon_1a.jpg in Resources */,
				2D214CDD1BE17B1600E1736A /* icon_4.jpg in Resources */,
				2D214CD61BE17B1600E1736A /* facebook_button.png in Resources */,
				2D214CDE1BE17B1600E1736A /* icon_4a.jpg in Resources */,
				2D214CE01BE17B1600E1736A /* icon_5a.jpg in Resources */,
				2D214CE41BE17B1600E1736A /* icon_7a.jpg in Resources */,
				2D214CD91BE17B1600E1736A /* icon_2.jpg in Resources */,
			);
			runOnlyForDeploymentPostprocessing = 0;
		};
/* End PBXResourcesBuildPhase section */

/* Begin PBXSourcesBuildPhase section */
		2D214C871BE167AF00E1736A /* Sources */ = {
			isa = PBXSourcesBuildPhase;
			buildActionMask = 2147483647;
			files = (
				2D214D5B1BE21B8D00E1736A /* LoginViewController.swift in Sources */,
				2D214C961BE167AF00E1736A /* ViewController.m in Sources */,
				2D214D481BE1CF8200E1736A /* MyConnector.m in Sources */,
				2D214D561BE1D56B00E1736A /* RegisterPageViewController.swift in Sources */,
				2D214C931BE167AF00E1736A /* AppDelegate.m in Sources */,
				2D214CE81BE17B1700E1736A /* README.md in Sources */,
				2D214C901BE167AF00E1736A /* main.m in Sources */,
			);
			runOnlyForDeploymentPostprocessing = 0;
		};
/* End PBXSourcesBuildPhase section */

/* Begin PBXVariantGroup section */
		2D214C9C1BE167AF00E1736A /* LaunchScreen.storyboard */ = {
			isa = PBXVariantGroup;
			children = (
				2D214C9D1BE167AF00E1736A /* Base */,
			);
			name = LaunchScreen.storyboard;
			sourceTree = "<group>";
		};
/* End PBXVariantGroup section */

/* Begin XCBuildConfiguration section */
		2D214CA01BE167AF00E1736A /* Debug */ = {
			isa = XCBuildConfiguration;
			buildSettings = {
				ALWAYS_SEARCH_USER_PATHS = NO;
				CLANG_CXX_LANGUAGE_STANDARD = "gnu++0x";
				CLANG_CXX_LIBRARY = "libc++";
				CLANG_ENABLE_MODULES = YES;
				CLANG_ENABLE_OBJC_ARC = YES;
				CLANG_WARN_BOOL_CONVERSION = YES;
				CLANG_WARN_CONSTANT_CONVERSION = YES;
				CLANG_WARN_DIRECT_OBJC_ISA_USAGE = YES_ERROR;
				CLANG_WARN_EMPTY_BODY = YES;
				CLANG_WARN_ENUM_CONVERSION = YES;
				CLANG_WARN_INT_CONVERSION = YES;
				CLANG_WARN_OBJC_ROOT_CLASS = YES_ERROR;
				CLANG_WARN_UNREACHABLE_CODE = YES;
				CLANG_WARN__DUPLICATE_METHOD_MATCH = YES;
				"CODE_SIGN_IDENTITY[sdk=iphoneos*]" = "iPhone Developer";
				COPY_PHASE_STRIP = NO;
				DEBUG_INFORMATION_FORMAT = dwarf;
				ENABLE_STRICT_OBJC_MSGSEND = YES;
				ENABLE_TESTABILITY = YES;
				GCC_C_LANGUAGE_STANDARD = gnu99;
				GCC_DYNAMIC_NO_PIC = NO;
				GCC_NO_COMMON_BLOCKS = YES;
				GCC_OPTIMIZATION_LEVEL = 0;
				GCC_PREPROCESSOR_DEFINITIONS = (
					"DEBUG=1",
					"$(inherited)",
				);
				GCC_WARN_64_TO_32_BIT_CONVERSION = YES;
				GCC_WARN_ABOUT_RETURN_TYPE = YES_ERROR;
				GCC_WARN_UNDECLARED_SELECTOR = YES;
				GCC_WARN_UNINITIALIZED_AUTOS = YES_AGGRESSIVE;
				GCC_WARN_UNUSED_FUNCTION = YES;
				GCC_WARN_UNUSED_VARIABLE = YES;
				IPHONEOS_DEPLOYMENT_TARGET = 9.0;
				MTL_ENABLE_DEBUG_INFO = YES;
				ONLY_ACTIVE_ARCH = YES;
				SDKROOT = iphoneos;
			};
			name = Debug;
		};
		2D214CA11BE167AF00E1736A /* Release */ = {
			isa = XCBuildConfiguration;
			buildSettings = {
				ALWAYS_SEARCH_USER_PATHS = NO;
				CLANG_CXX_LANGUAGE_STANDARD = "gnu++0x";
				CLANG_CXX_LIBRARY = "libc++";
				CLANG_ENABLE_MODULES = YES;
				CLANG_ENABLE_OBJC_ARC = YES;
				CLANG_WARN_BOOL_CONVERSION = YES;
				CLANG_WARN_CONSTANT_CONVERSION = YES;
				CLANG_WARN_DIRECT_OBJC_ISA_USAGE = YES_ERROR;
				CLANG_WARN_EMPTY_BODY = YES;
				CLANG_WARN_ENUM_CONVERSION = YES;
				CLANG_WARN_INT_CONVERSION = YES;
				CLANG_WARN_OBJC_ROOT_CLASS = YES_ERROR;
				CLANG_WARN_UNREACHABLE_CODE = YES;
				CLANG_WARN__DUPLICATE_METHOD_MATCH = YES;
				"CODE_SIGN_IDENTITY[sdk=iphoneos*]" = "iPhone Developer";
				COPY_PHASE_STRIP = NO;
				DEBUG_INFORMATION_FORMAT = "dwarf-with-dsym";
				ENABLE_NS_ASSERTIONS = NO;
				ENABLE_STRICT_OBJC_MSGSEND = YES;
				GCC_C_LANGUAGE_STANDARD = gnu99;
				GCC_NO_COMMON_BLOCKS = YES;
				GCC_WARN_64_TO_32_BIT_CONVERSION = YES;
				GCC_WARN_ABOUT_RETURN_TYPE = YES_ERROR;
				GCC_WARN_UNDECLARED_SELECTOR = YES;
				GCC_WARN_UNINITIALIZED_AUTOS = YES_AGGRESSIVE;
				GCC_WARN_UNUSED_FUNCTION = YES;
				GCC_WARN_UNUSED_VARIABLE = YES;
				IPHONEOS_DEPLOYMENT_TARGET = 9.0;
				MTL_ENABLE_DEBUG_INFO = NO;
				SDKROOT = iphoneos;
				VALIDATE_PRODUCT = YES;
			};
			name = Release;
		};
		2D214CA31BE167AF00E1736A /* Debug */ = {
			isa = XCBuildConfiguration;
			buildSettings = {
				ASSETCATALOG_COMPILER_APPICON_NAME = AppIcon;
				CLANG_ENABLE_MODULES = YES;
				CODE_SIGN_IDENTITY = "iPhone Developer";
				"CODE_SIGN_IDENTITY[sdk=iphoneos*]" = "iPhone Developer";
				FRAMEWORK_SEARCH_PATHS = (
					"$(inherited)",
					"$(PROJECT_DIR)",
				);
				INFOPLIST_FILE = FAIRWELL/Info.plist;
				LD_RUNPATH_SEARCH_PATHS = "$(inherited) @executable_path/Frameworks";
				PRODUCT_BUNDLE_IDENTIFIER = mymacbook.FAIRWELL;
				PRODUCT_NAME = "$(TARGET_NAME)";
				PROVISIONING_PROFILE = "";
				SWIFT_OBJC_BRIDGING_HEADER = "FAIRWELL/FAIRWELL-Bridging-Header.h";
				SWIFT_OPTIMIZATION_LEVEL = "-Onone";
			};
			name = Debug;
		};
		2D214CA41BE167AF00E1736A /* Release */ = {
			isa = XCBuildConfiguration;
			buildSettings = {
				ASSETCATALOG_COMPILER_APPICON_NAME = AppIcon;
				CLANG_ENABLE_MODULES = YES;
				CODE_SIGN_IDENTITY = "iPhone Developer";
				"CODE_SIGN_IDENTITY[sdk=iphoneos*]" = "iPhone Developer";
				FRAMEWORK_SEARCH_PATHS = (
					"$(inherited)",
					"$(PROJECT_DIR)",
				);
				INFOPLIST_FILE = FAIRWELL/Info.plist;
				LD_RUNPATH_SEARCH_PATHS = "$(inherited) @executable_path/Frameworks";
				PRODUCT_BUNDLE_IDENTIFIER = mymacbook.FAIRWELL;
				PRODUCT_NAME = "$(TARGET_NAME)";
				PROVISIONING_PROFILE = "";
				SWIFT_OBJC_BRIDGING_HEADER = "FAIRWELL/FAIRWELL-Bridging-Header.h";
			};
			name = Release;
		};
/* End XCBuildConfiguration section */

/* Begin XCConfigurationList section */
		2D214C861BE167AF00E1736A /* Build configuration list for PBXProject "FAIRWELL" */ = {
			isa = XCConfigurationList;
			buildConfigurations = (
				2D214CA01BE167AF00E1736A /* Debug */,
				2D214CA11BE167AF00E1736A /* Release */,
			);
			defaultConfigurationIsVisible = 0;
			defaultConfigurationName = Release;
		};
		2D214CA21BE167AF00E1736A /* Build configuration list for PBXNativeTarget "FAIRWELL" */ = {
			isa = XCConfigurationList;
			buildConfigurations = (
				2D214CA31BE167AF00E1736A /* Debug */,
				2D214CA41BE167AF00E1736A /* Release */,
			);
			defaultConfigurationIsVisible = 0;
			defaultConfigurationName = Release;
		};
/* End XCConfigurationList section */
	};
	rootObject = 2D214C831BE167AF00E1736A /* Project object */;
}
