// !$*UTF8*$!
{
	archiveVersion = 1;
	classes = {
	};
	objectVersion = 46;
	objects = {

/* Begin PBXBuildFile section */
		2D6BAA8E1BD2438A00E3D789 /* FairWellImage-master in Resources */ = {isa = PBXBuildFile; fileRef = 2D6BAA8D1BD2438A00E3D789 /* FairWellImage-master */; settings = {ASSET_TAGS = (); }; };
		F71FBFB61BD0184A00823593 /* Main.storyboard in Resources */ = {isa = PBXBuildFile; fileRef = F71FBFB51BD0184A00823593 /* Main.storyboard */; };
		F738729E1BB23A2100DE3C1B /* main.m in Sources */ = {isa = PBXBuildFile; fileRef = F738729D1BB23A2100DE3C1B /* main.m */; };
		F73872A11BB23A2100DE3C1B /* AppDelegate.m in Sources */ = {isa = PBXBuildFile; fileRef = F73872A01BB23A2100DE3C1B /* AppDelegate.m */; };
		F73872A41BB23A2100DE3C1B /* Yes.xcdatamodeld in Sources */ = {isa = PBXBuildFile; fileRef = F73872A21BB23A2100DE3C1B /* Yes.xcdatamodeld */; };
		F73872A71BB23A2100DE3C1B /* ViewController.m in Sources */ = {isa = PBXBuildFile; fileRef = F73872A61BB23A2100DE3C1B /* ViewController.m */; };
		F73872AC1BB23A2100DE3C1B /* Images.xcassets in Resources */ = {isa = PBXBuildFile; fileRef = F73872AB1BB23A2100DE3C1B /* Images.xcassets */; };
		F73872AF1BB23A2100DE3C1B /* LaunchScreen.xib in Resources */ = {isa = PBXBuildFile; fileRef = F73872AD1BB23A2100DE3C1B /* LaunchScreen.xib */; };
		F73872BB1BB23A2100DE3C1B /* YesTests.m in Sources */ = {isa = PBXBuildFile; fileRef = F73872BA1BB23A2100DE3C1B /* YesTests.m */; };
		F73872C81BB2513900DE3C1B /* LoggedIn.m in Sources */ = {isa = PBXBuildFile; fileRef = F73872C71BB2513900DE3C1B /* LoggedIn.m */; };
/* End PBXBuildFile section */

/* Begin PBXContainerItemProxy section */
		F73872B51BB23A2100DE3C1B /* PBXContainerItemProxy */ = {
			isa = PBXContainerItemProxy;
			containerPortal = F73872901BB23A2100DE3C1B /* Project object */;
			proxyType = 1;
			remoteGlobalIDString = F73872971BB23A2100DE3C1B;
			remoteInfo = Yes;
		};
/* End PBXContainerItemProxy section */

/* Begin PBXFileReference section */
		2D6BAA8D1BD2438A00E3D789 /* FairWellImage-master */ = {isa = PBXFileReference; lastKnownFileType = folder; name = "FairWellImage-master"; path = "../../../../Downloads/FairWellImage-master"; sourceTree = "<group>"; };
		F71FBFB51BD0184A00823593 /* Main.storyboard */ = {isa = PBXFileReference; fileEncoding = 4; lastKnownFileType = file.storyboard; path = Main.storyboard; sourceTree = SOURCE_ROOT; };
		F73872981BB23A2100DE3C1B /* Yes.app */ = {isa = PBXFileReference; explicitFileType = wrapper.application; includeInIndex = 0; path = Yes.app; sourceTree = BUILT_PRODUCTS_DIR; };
		F738729C1BB23A2100DE3C1B /* Info.plist */ = {isa = PBXFileReference; lastKnownFileType = text.plist.xml; path = Info.plist; sourceTree = "<group>"; };
		F738729D1BB23A2100DE3C1B /* main.m */ = {isa = PBXFileReference; lastKnownFileType = sourcecode.c.objc; path = main.m; sourceTree = "<group>"; };
		F738729F1BB23A2100DE3C1B /* AppDelegate.h */ = {isa = PBXFileReference; lastKnownFileType = sourcecode.c.h; path = AppDelegate.h; sourceTree = "<group>"; };
		F73872A01BB23A2100DE3C1B /* AppDelegate.m */ = {isa = PBXFileReference; lastKnownFileType = sourcecode.c.objc; path = AppDelegate.m; sourceTree = "<group>"; };
		F73872A31BB23A2100DE3C1B /* Yes.xcdatamodel */ = {isa = PBXFileReference; lastKnownFileType = wrapper.xcdatamodel; path = Yes.xcdatamodel; sourceTree = "<group>"; };
		F73872A51BB23A2100DE3C1B /* ViewController.h */ = {isa = PBXFileReference; lastKnownFileType = sourcecode.c.h; path = ViewController.h; sourceTree = "<group>"; };
		F73872A61BB23A2100DE3C1B /* ViewController.m */ = {isa = PBXFileReference; lastKnownFileType = sourcecode.c.objc; path = ViewController.m; sourceTree = "<group>"; };
		F73872AB1BB23A2100DE3C1B /* Images.xcassets */ = {isa = PBXFileReference; lastKnownFileType = folder.assetcatalog; path = Images.xcassets; sourceTree = "<group>"; };
		F73872AE1BB23A2100DE3C1B /* Base */ = {isa = PBXFileReference; lastKnownFileType = file.xib; name = Base; path = Base.lproj/LaunchScreen.xib; sourceTree = "<group>"; };
		F73872B41BB23A2100DE3C1B /* YesTests.xctest */ = {isa = PBXFileReference; explicitFileType = wrapper.cfbundle; includeInIndex = 0; path = YesTests.xctest; sourceTree = BUILT_PRODUCTS_DIR; };
		F73872B91BB23A2100DE3C1B /* Info.plist */ = {isa = PBXFileReference; lastKnownFileType = text.plist.xml; path = Info.plist; sourceTree = "<group>"; };
		F73872BA1BB23A2100DE3C1B /* YesTests.m */ = {isa = PBXFileReference; lastKnownFileType = sourcecode.c.objc; path = YesTests.m; sourceTree = "<group>"; };
		F73872C61BB2513900DE3C1B /* LoggedIn.h */ = {isa = PBXFileReference; fileEncoding = 4; lastKnownFileType = sourcecode.c.h; name = LoggedIn.h; path = ../LoggedIn.h; sourceTree = "<group>"; };
		F73872C71BB2513900DE3C1B /* LoggedIn.m */ = {isa = PBXFileReference; fileEncoding = 4; lastKnownFileType = sourcecode.c.objc; name = LoggedIn.m; path = ../LoggedIn.m; sourceTree = "<group>"; };
/* End PBXFileReference section */

/* Begin PBXFrameworksBuildPhase section */
		F73872951BB23A2100DE3C1B /* Frameworks */ = {
			isa = PBXFrameworksBuildPhase;
			buildActionMask = 2147483647;
			files = (
			);
			runOnlyForDeploymentPostprocessing = 0;
		};
		F73872B11BB23A2100DE3C1B /* Frameworks */ = {
			isa = PBXFrameworksBuildPhase;
			buildActionMask = 2147483647;
			files = (
			);
			runOnlyForDeploymentPostprocessing = 0;
		};
/* End PBXFrameworksBuildPhase section */

/* Begin PBXGroup section */
		F738728F1BB23A2100DE3C1B = {
			isa = PBXGroup;
			children = (
				F738729A1BB23A2100DE3C1B /* Yes */,
				F73872B71BB23A2100DE3C1B /* YesTests */,
				F73872991BB23A2100DE3C1B /* Products */,
			);
			sourceTree = "<group>";
		};
		F73872991BB23A2100DE3C1B /* Products */ = {
			isa = PBXGroup;
			children = (
				F73872981BB23A2100DE3C1B /* Yes.app */,
				F73872B41BB23A2100DE3C1B /* YesTests.xctest */,
			);
			name = Products;
			sourceTree = "<group>";
		};
		F738729A1BB23A2100DE3C1B /* Yes */ = {
			isa = PBXGroup;
			children = (
				F738729F1BB23A2100DE3C1B /* AppDelegate.h */,
				F73872A01BB23A2100DE3C1B /* AppDelegate.m */,
				F73872A51BB23A2100DE3C1B /* ViewController.h */,
				F73872A61BB23A2100DE3C1B /* ViewController.m */,
				F73872C61BB2513900DE3C1B /* LoggedIn.h */,
				F73872C71BB2513900DE3C1B /* LoggedIn.m */,
				F71FBFB51BD0184A00823593 /* Main.storyboard */,
				F73872AB1BB23A2100DE3C1B /* Images.xcassets */,
				F73872AD1BB23A2100DE3C1B /* LaunchScreen.xib */,
				F73872A21BB23A2100DE3C1B /* Yes.xcdatamodeld */,
				2D6BAA8D1BD2438A00E3D789 /* FairWellImage-master */,
				F738729B1BB23A2100DE3C1B /* Supporting Files */,
			);
			path = Yes;
			sourceTree = "<group>";
		};
		F738729B1BB23A2100DE3C1B /* Supporting Files */ = {
			isa = PBXGroup;
			children = (
				F738729C1BB23A2100DE3C1B /* Info.plist */,
				F738729D1BB23A2100DE3C1B /* main.m */,
			);
			name = "Supporting Files";
			sourceTree = "<group>";
		};
		F73872B71BB23A2100DE3C1B /* YesTests */ = {
			isa = PBXGroup;
			children = (
				F73872BA1BB23A2100DE3C1B /* YesTests.m */,
				F73872B81BB23A2100DE3C1B /* Supporting Files */,
			);
			path = YesTests;
			sourceTree = "<group>";
		};
		F73872B81BB23A2100DE3C1B /* Supporting Files */ = {
			isa = PBXGroup;
			children = (
				F73872B91BB23A2100DE3C1B /* Info.plist */,
			);
			name = "Supporting Files";
			sourceTree = "<group>";
		};
/* End PBXGroup section */

/* Begin PBXNativeTarget section */
		F73872971BB23A2100DE3C1B /* Yes */ = {
			isa = PBXNativeTarget;
			buildConfigurationList = F73872BE1BB23A2100DE3C1B /* Build configuration list for PBXNativeTarget "Yes" */;
			buildPhases = (
				F73872941BB23A2100DE3C1B /* Sources */,
				F73872951BB23A2100DE3C1B /* Frameworks */,
				F73872961BB23A2100DE3C1B /* Resources */,
			);
			buildRules = (
			);
			dependencies = (
			);
			name = Yes;
			productName = Yes;
			productReference = F73872981BB23A2100DE3C1B /* Yes.app */;
			productType = "com.apple.product-type.application";
		};
		F73872B31BB23A2100DE3C1B /* YesTests */ = {
			isa = PBXNativeTarget;
			buildConfigurationList = F73872C11BB23A2100DE3C1B /* Build configuration list for PBXNativeTarget "YesTests" */;
			buildPhases = (
				F73872B01BB23A2100DE3C1B /* Sources */,
				F73872B11BB23A2100DE3C1B /* Frameworks */,
				F73872B21BB23A2100DE3C1B /* Resources */,
			);
			buildRules = (
			);
			dependencies = (
				F73872B61BB23A2100DE3C1B /* PBXTargetDependency */,
			);
			name = YesTests;
			productName = YesTests;
			productReference = F73872B41BB23A2100DE3C1B /* YesTests.xctest */;
			productType = "com.apple.product-type.bundle.unit-test";
		};
/* End PBXNativeTarget section */

/* Begin PBXProject section */
		F73872901BB23A2100DE3C1B /* Project object */ = {
			isa = PBXProject;
			attributes = {
				LastUpgradeCheck = 0610;
				ORGANIZATIONNAME = "Jarret Hutchison";
				TargetAttributes = {
					F73872971BB23A2100DE3C1B = {
						CreatedOnToolsVersion = 6.1.1;
					};
					F73872B31BB23A2100DE3C1B = {
						CreatedOnToolsVersion = 6.1.1;
						TestTargetID = F73872971BB23A2100DE3C1B;
					};
				};
			};
			buildConfigurationList = F73872931BB23A2100DE3C1B /* Build configuration list for PBXProject "Yes" */;
			compatibilityVersion = "Xcode 3.2";
			developmentRegion = English;
			hasScannedForEncodings = 0;
			knownRegions = (
				en,
				Base,
			);
			mainGroup = F738728F1BB23A2100DE3C1B;
			productRefGroup = F73872991BB23A2100DE3C1B /* Products */;
			projectDirPath = "";
			projectRoot = "";
			targets = (
				F73872971BB23A2100DE3C1B /* Yes */,
				F73872B31BB23A2100DE3C1B /* YesTests */,
			);
		};
/* End PBXProject section */

/* Begin PBXResourcesBuildPhase section */
		F73872961BB23A2100DE3C1B /* Resources */ = {
			isa = PBXResourcesBuildPhase;
			buildActionMask = 2147483647;
			files = (
				F73872AF1BB23A2100DE3C1B /* LaunchScreen.xib in Resources */,
				F73872AC1BB23A2100DE3C1B /* Images.xcassets in Resources */,
				2D6BAA8E1BD2438A00E3D789 /* FairWellImage-master in Resources */,
				F71FBFB61BD0184A00823593 /* Main.storyboard in Resources */,
			);
			runOnlyForDeploymentPostprocessing = 0;
		};
		F73872B21BB23A2100DE3C1B /* Resources */ = {
			isa = PBXResourcesBuildPhase;
			buildActionMask = 2147483647;
			files = (
			);
			runOnlyForDeploymentPostprocessing = 0;
		};
/* End PBXResourcesBuildPhase section */

/* Begin PBXSourcesBuildPhase section */
		F73872941BB23A2100DE3C1B /* Sources */ = {
			isa = PBXSourcesBuildPhase;
			buildActionMask = 2147483647;
			files = (
				F73872A11BB23A2100DE3C1B /* AppDelegate.m in Sources */,
				F73872A41BB23A2100DE3C1B /* Yes.xcdatamodeld in Sources */,
				F73872C81BB2513900DE3C1B /* LoggedIn.m in Sources */,
				F73872A71BB23A2100DE3C1B /* ViewController.m in Sources */,
				F738729E1BB23A2100DE3C1B /* main.m in Sources */,
			);
			runOnlyForDeploymentPostprocessing = 0;
		};
		F73872B01BB23A2100DE3C1B /* Sources */ = {
			isa = PBXSourcesBuildPhase;
			buildActionMask = 2147483647;
			files = (
				F73872BB1BB23A2100DE3C1B /* YesTests.m in Sources */,
			);
			runOnlyForDeploymentPostprocessing = 0;
		};
/* End PBXSourcesBuildPhase section */

/* Begin PBXTargetDependency section */
		F73872B61BB23A2100DE3C1B /* PBXTargetDependency */ = {
			isa = PBXTargetDependency;
			target = F73872971BB23A2100DE3C1B /* Yes */;
			targetProxy = F73872B51BB23A2100DE3C1B /* PBXContainerItemProxy */;
		};
/* End PBXTargetDependency section */

/* Begin PBXVariantGroup section */
		F73872AD1BB23A2100DE3C1B /* LaunchScreen.xib */ = {
			isa = PBXVariantGroup;
			children = (
				F73872AE1BB23A2100DE3C1B /* Base */,
			);
			name = LaunchScreen.xib;
			sourceTree = "<group>";
		};
/* End PBXVariantGroup section */

/* Begin XCBuildConfiguration section */
		F73872BC1BB23A2100DE3C1B /* Debug */ = {
			isa = XCBuildConfiguration;
			buildSettings = {
				ALWAYS_SEARCH_USER_PATHS = NO;
				CLANG_CXX_LANGUAGE_STANDARD = "gnu++0x";
				CLANG_CXX_LIBRARY = "libc++";
				CLANG_ENABLE_MODULES = YES;
				CLANG_ENABLE_OBJC_ARC = YES;
				CLANG_WARN_BOOL_CONVERSION = YES;
				CLANG_WARN_CONSTANT_CONVERSION = YES;
				CLANG_WARN_DIRECT_OBJC_ISA_USAGE = YES_ERROR;
				CLANG_WARN_EMPTY_BODY = YES;
				CLANG_WARN_ENUM_CONVERSION = YES;
				CLANG_WARN_INT_CONVERSION = YES;
				CLANG_WARN_OBJC_ROOT_CLASS = YES_ERROR;
				CLANG_WARN_UNREACHABLE_CODE = YES;
				CLANG_WARN__DUPLICATE_METHOD_MATCH = YES;
				"CODE_SIGN_IDENTITY[sdk=iphoneos*]" = "iPhone Developer";
				COPY_PHASE_STRIP = NO;
				ENABLE_STRICT_OBJC_MSGSEND = YES;
				GCC_C_LANGUAGE_STANDARD = gnu99;
				GCC_DYNAMIC_NO_PIC = NO;
				GCC_OPTIMIZATION_LEVEL = 0;
				GCC_PREPROCESSOR_DEFINITIONS = (
					"DEBUG=1",
					"$(inherited)",
				);
				GCC_SYMBOLS_PRIVATE_EXTERN = NO;
				GCC_WARN_64_TO_32_BIT_CONVERSION = YES;
				GCC_WARN_ABOUT_RETURN_TYPE = YES_ERROR;
				GCC_WARN_UNDECLARED_SELECTOR = YES;
				GCC_WARN_UNINITIALIZED_AUTOS = YES_AGGRESSIVE;
				GCC_WARN_UNUSED_FUNCTION = YES;
				GCC_WARN_UNUSED_VARIABLE = YES;
				IPHONEOS_DEPLOYMENT_TARGET = 8.1;
				MTL_ENABLE_DEBUG_INFO = YES;
				ONLY_ACTIVE_ARCH = YES;
				SDKROOT = iphoneos;
			};
			name = Debug;
		};
		F73872BD1BB23A2100DE3C1B /* Release */ = {
			isa = XCBuildConfiguration;
			buildSettings = {
				ALWAYS_SEARCH_USER_PATHS = NO;
				CLANG_CXX_LANGUAGE_STANDARD = "gnu++0x";
				CLANG_CXX_LIBRARY = "libc++";
				CLANG_ENABLE_MODULES = YES;
				CLANG_ENABLE_OBJC_ARC = YES;
				CLANG_WARN_BOOL_CONVERSION = YES;
				CLANG_WARN_CONSTANT_CONVERSION = YES;
				CLANG_WARN_DIRECT_OBJC_ISA_USAGE = YES_ERROR;
				CLANG_WARN_EMPTY_BODY = YES;
				CLANG_WARN_ENUM_CONVERSION = YES;
				CLANG_WARN_INT_CONVERSION = YES;
				CLANG_WARN_OBJC_ROOT_CLASS = YES_ERROR;
				CLANG_WARN_UNREACHABLE_CODE = YES;
				CLANG_WARN__DUPLICATE_METHOD_MATCH = YES;
				"CODE_SIGN_IDENTITY[sdk=iphoneos*]" = "iPhone Developer";
				COPY_PHASE_STRIP = YES;
				ENABLE_NS_ASSERTIONS = NO;
				ENABLE_STRICT_OBJC_MSGSEND = YES;
				GCC_C_LANGUAGE_STANDARD = gnu99;
				GCC_WARN_64_TO_32_BIT_CONVERSION = YES;
				GCC_WARN_ABOUT_RETURN_TYPE = YES_ERROR;
				GCC_WARN_UNDECLARED_SELECTOR = YES;
				GCC_WARN_UNINITIALIZED_AUTOS = YES_AGGRESSIVE;
				GCC_WARN_UNUSED_FUNCTION = YES;
				GCC_WARN_UNUSED_VARIABLE = YES;
				IPHONEOS_DEPLOYMENT_TARGET = 8.1;
				MTL_ENABLE_DEBUG_INFO = NO;
				SDKROOT = iphoneos;
				VALIDATE_PRODUCT = YES;
			};
			name = Release;
		};
		F73872BF1BB23A2100DE3C1B /* Debug */ = {
			isa = XCBuildConfiguration;
			buildSettings = {
				ASSETCATALOG_COMPILER_APPICON_NAME = AppIcon;
				INFOPLIST_FILE = Yes/Info.plist;
				LD_RUNPATH_SEARCH_PATHS = "$(inherited) @executable_path/Frameworks";
				PRODUCT_NAME = "$(TARGET_NAME)";
			};
			name = Debug;
		};
		F73872C01BB23A2100DE3C1B /* Release */ = {
			isa = XCBuildConfiguration;
			buildSettings = {
				ASSETCATALOG_COMPILER_APPICON_NAME = AppIcon;
				INFOPLIST_FILE = Yes/Info.plist;
				LD_RUNPATH_SEARCH_PATHS = "$(inherited) @executable_path/Frameworks";
				PRODUCT_NAME = "$(TARGET_NAME)";
			};
			name = Release;
		};
		F73872C21BB23A2100DE3C1B /* Debug */ = {
			isa = XCBuildConfiguration;
			buildSettings = {
				BUNDLE_LOADER = "$(TEST_HOST)";
				FRAMEWORK_SEARCH_PATHS = (
					"$(SDKROOT)/Developer/Library/Frameworks",
					"$(inherited)",
				);
				GCC_PREPROCESSOR_DEFINITIONS = (
					"DEBUG=1",
					"$(inherited)",
				);
				INFOPLIST_FILE = YesTests/Info.plist;
				LD_RUNPATH_SEARCH_PATHS = "$(inherited) @executable_path/Frameworks @loader_path/Frameworks";
				PRODUCT_NAME = "$(TARGET_NAME)";
				TEST_HOST = "$(BUILT_PRODUCTS_DIR)/Yes.app/Yes";
			};
			name = Debug;
		};
		F73872C31BB23A2100DE3C1B /* Release */ = {
			isa = XCBuildConfiguration;
			buildSettings = {
				BUNDLE_LOADER = "$(TEST_HOST)";
				FRAMEWORK_SEARCH_PATHS = (
					"$(SDKROOT)/Developer/Library/Frameworks",
					"$(inherited)",
				);
				INFOPLIST_FILE = YesTests/Info.plist;
				LD_RUNPATH_SEARCH_PATHS = "$(inherited) @executable_path/Frameworks @loader_path/Frameworks";
				PRODUCT_NAME = "$(TARGET_NAME)";
				TEST_HOST = "$(BUILT_PRODUCTS_DIR)/Yes.app/Yes";
			};
			name = Release;
		};
/* End XCBuildConfiguration section */

/* Begin XCConfigurationList section */
		F73872931BB23A2100DE3C1B /* Build configuration list for PBXProject "Yes" */ = {
			isa = XCConfigurationList;
			buildConfigurations = (
				F73872BC1BB23A2100DE3C1B /* Debug */,
				F73872BD1BB23A2100DE3C1B /* Release */,
			);
			defaultConfigurationIsVisible = 0;
			defaultConfigurationName = Release;
		};
		F73872BE1BB23A2100DE3C1B /* Build configuration list for PBXNativeTarget "Yes" */ = {
			isa = XCConfigurationList;
			buildConfigurations = (
				F73872BF1BB23A2100DE3C1B /* Debug */,
				F73872C01BB23A2100DE3C1B /* Release */,
			);
			defaultConfigurationIsVisible = 0;
			defaultConfigurationName = Release;
		};
		F73872C11BB23A2100DE3C1B /* Build configuration list for PBXNativeTarget "YesTests" */ = {
			isa = XCConfigurationList;
			buildConfigurations = (
				F73872C21BB23A2100DE3C1B /* Debug */,
				F73872C31BB23A2100DE3C1B /* Release */,
			);
			defaultConfigurationIsVisible = 0;
			defaultConfigurationName = Release;
		};
/* End XCConfigurationList section */

/* Begin XCVersionGroup section */
		F73872A21BB23A2100DE3C1B /* Yes.xcdatamodeld */ = {
			isa = XCVersionGroup;
			children = (
				F73872A31BB23A2100DE3C1B /* Yes.xcdatamodel */,
			);
			currentVersion = F73872A31BB23A2100DE3C1B /* Yes.xcdatamodel */;
			path = Yes.xcdatamodeld;
			sourceTree = "<group>";
			versionGroupType = wrapper.xcdatamodel;
		};
/* End XCVersionGroup section */
	};
	rootObject = F73872901BB23A2100DE3C1B /* Project object */;
}
