// !$*UTF8*$!
{
	archiveVersion = 1;
	classes = {
	};
	objectVersion = 46;
	objects = {

/* Begin PBXBuildFile section */
		2D8D59951BB1003B00673AF8 /* main.m in Sources */ = {isa = PBXBuildFile; fileRef = 2D8D59941BB1003B00673AF8 /* main.m */; };
		2D8D59981BB1003B00673AF8 /* AppDelegate.m in Sources */ = {isa = PBXBuildFile; fileRef = 2D8D59971BB1003B00673AF8 /* AppDelegate.m */; };
		2D8D599B1BB1003B00673AF8 /* ViewController.m in Sources */ = {isa = PBXBuildFile; fileRef = 2D8D599A1BB1003B00673AF8 /* ViewController.m */; };
		2D8D599E1BB1003B00673AF8 /* Main.storyboard in Resources */ = {isa = PBXBuildFile; fileRef = 2D8D599C1BB1003B00673AF8 /* Main.storyboard */; };
		2D8D59A01BB1003B00673AF8 /* Assets.xcassets in Resources */ = {isa = PBXBuildFile; fileRef = 2D8D599F1BB1003B00673AF8 /* Assets.xcassets */; };
		2D8D59A31BB1003B00673AF8 /* LaunchScreen.storyboard in Resources */ = {isa = PBXBuildFile; fileRef = 2D8D59A11BB1003B00673AF8 /* LaunchScreen.storyboard */; };
		2D9154CD1BB1E56500F3FD43 /* FacebookButton.JPG in Resources */ = {isa = PBXBuildFile; fileRef = 2D9154C81BB1E56500F3FD43 /* FacebookButton.JPG */; settings = {ASSET_TAGS = (); }; };
		2D9154CE1BB1E56500F3FD43 /* FairwellLabel.png in Resources */ = {isa = PBXBuildFile; fileRef = 2D9154C91BB1E56500F3FD43 /* FairwellLabel.png */; settings = {ASSET_TAGS = (); }; };
		2D9154CF1BB1E56500F3FD43 /* Google+Button.jpg in Resources */ = {isa = PBXBuildFile; fileRef = 2D9154CA1BB1E56500F3FD43 /* Google+Button.jpg */; settings = {ASSET_TAGS = (); }; };
		2D9154D01BB1E56500F3FD43 /* LoginButton.jpg in Resources */ = {isa = PBXBuildFile; fileRef = 2D9154CB1BB1E56500F3FD43 /* LoginButton.jpg */; settings = {ASSET_TAGS = (); }; };
		2D9154D11BB1E56500F3FD43 /* RegisterButton.jpg in Resources */ = {isa = PBXBuildFile; fileRef = 2D9154CC1BB1E56500F3FD43 /* RegisterButton.jpg */; settings = {ASSET_TAGS = (); }; };
/* End PBXBuildFile section */

/* Begin PBXFileReference section */
		2D8D59901BB1003B00673AF8 /* AlphaTracker.app */ = {isa = PBXFileReference; explicitFileType = wrapper.application; includeInIndex = 0; path = AlphaTracker.app; sourceTree = BUILT_PRODUCTS_DIR; };
		2D8D59941BB1003B00673AF8 /* main.m */ = {isa = PBXFileReference; lastKnownFileType = sourcecode.c.objc; path = main.m; sourceTree = "<group>"; };
		2D8D59961BB1003B00673AF8 /* AppDelegate.h */ = {isa = PBXFileReference; lastKnownFileType = sourcecode.c.h; path = AppDelegate.h; sourceTree = "<group>"; };
		2D8D59971BB1003B00673AF8 /* AppDelegate.m */ = {isa = PBXFileReference; lastKnownFileType = sourcecode.c.objc; path = AppDelegate.m; sourceTree = "<group>"; };
		2D8D59991BB1003B00673AF8 /* ViewController.h */ = {isa = PBXFileReference; lastKnownFileType = sourcecode.c.h; path = ViewController.h; sourceTree = "<group>"; };
		2D8D599A1BB1003B00673AF8 /* ViewController.m */ = {isa = PBXFileReference; lastKnownFileType = sourcecode.c.objc; path = ViewController.m; sourceTree = "<group>"; };
		2D8D599D1BB1003B00673AF8 /* Base */ = {isa = PBXFileReference; lastKnownFileType = file.storyboard; name = Base; path = Base.lproj/Main.storyboard; sourceTree = "<group>"; };
		2D8D599F1BB1003B00673AF8 /* Assets.xcassets */ = {isa = PBXFileReference; lastKnownFileType = folder.assetcatalog; path = Assets.xcassets; sourceTree = "<group>"; };
		2D8D59A21BB1003B00673AF8 /* Base */ = {isa = PBXFileReference; lastKnownFileType = file.storyboard; name = Base; path = Base.lproj/LaunchScreen.storyboard; sourceTree = "<group>"; };
		2D8D59A41BB1003B00673AF8 /* Info.plist */ = {isa = PBXFileReference; lastKnownFileType = text.plist.xml; path = Info.plist; sourceTree = "<group>"; };
		2D9154C81BB1E56500F3FD43 /* FacebookButton.JPG */ = {isa = PBXFileReference; lastKnownFileType = image.jpeg; name = FacebookButton.JPG; path = ../../../../../Desktop/FacebookButton.JPG; sourceTree = "<group>"; };
		2D9154C91BB1E56500F3FD43 /* FairwellLabel.png */ = {isa = PBXFileReference; lastKnownFileType = image.png; name = FairwellLabel.png; path = ../../../../../Desktop/FairwellLabel.png; sourceTree = "<group>"; };
		2D9154CA1BB1E56500F3FD43 /* Google+Button.jpg */ = {isa = PBXFileReference; lastKnownFileType = image.jpeg; name = "Google+Button.jpg"; path = "../../../../../Desktop/Google+Button.jpg"; sourceTree = "<group>"; };
		2D9154CB1BB1E56500F3FD43 /* LoginButton.jpg */ = {isa = PBXFileReference; lastKnownFileType = image.jpeg; name = LoginButton.jpg; path = ../../../../../Desktop/LoginButton.jpg; sourceTree = "<group>"; };
		2D9154CC1BB1E56500F3FD43 /* RegisterButton.jpg */ = {isa = PBXFileReference; lastKnownFileType = image.jpeg; name = RegisterButton.jpg; path = ../../../../../Desktop/RegisterButton.jpg; sourceTree = "<group>"; };
/* End PBXFileReference section */

/* Begin PBXFrameworksBuildPhase section */
		2D8D598D1BB1003B00673AF8 /* Frameworks */ = {
			isa = PBXFrameworksBuildPhase;
			buildActionMask = 2147483647;
			files = (
			);
			runOnlyForDeploymentPostprocessing = 0;
		};
/* End PBXFrameworksBuildPhase section */

/* Begin PBXGroup section */
		2D8D59871BB1003B00673AF8 = {
			isa = PBXGroup;
			children = (
				2D8D59921BB1003B00673AF8 /* AlphaTracker */,
				2D8D59911BB1003B00673AF8 /* Products */,
			);
			sourceTree = "<group>";
		};
		2D8D59911BB1003B00673AF8 /* Products */ = {
			isa = PBXGroup;
			children = (
				2D8D59901BB1003B00673AF8 /* AlphaTracker.app */,
			);
			name = Products;
			sourceTree = "<group>";
		};
		2D8D59921BB1003B00673AF8 /* AlphaTracker */ = {
			isa = PBXGroup;
			children = (
				2D8D59961BB1003B00673AF8 /* AppDelegate.h */,
				2D8D59971BB1003B00673AF8 /* AppDelegate.m */,
				2D8D59991BB1003B00673AF8 /* ViewController.h */,
				2D8D599A1BB1003B00673AF8 /* ViewController.m */,
				2D8D599C1BB1003B00673AF8 /* Main.storyboard */,
				2D8D599F1BB1003B00673AF8 /* Assets.xcassets */,
				2D9154C81BB1E56500F3FD43 /* FacebookButton.JPG */,
				2D9154C91BB1E56500F3FD43 /* FairwellLabel.png */,
				2D9154CA1BB1E56500F3FD43 /* Google+Button.jpg */,
				2D9154CB1BB1E56500F3FD43 /* LoginButton.jpg */,
				2D9154CC1BB1E56500F3FD43 /* RegisterButton.jpg */,
				2D8D59A11BB1003B00673AF8 /* LaunchScreen.storyboard */,
				2D8D59A41BB1003B00673AF8 /* Info.plist */,
				2D8D59931BB1003B00673AF8 /* Supporting Files */,
			);
			path = AlphaTracker;
			sourceTree = "<group>";
		};
		2D8D59931BB1003B00673AF8 /* Supporting Files */ = {
			isa = PBXGroup;
			children = (
				2D8D59941BB1003B00673AF8 /* main.m */,
			);
			name = "Supporting Files";
			sourceTree = "<group>";
		};
/* End PBXGroup section */

/* Begin PBXNativeTarget section */
		2D8D598F1BB1003B00673AF8 /* AlphaTracker */ = {
			isa = PBXNativeTarget;
			buildConfigurationList = 2D8D59A71BB1003B00673AF8 /* Build configuration list for PBXNativeTarget "AlphaTracker" */;
			buildPhases = (
				2D8D598C1BB1003B00673AF8 /* Sources */,
				2D8D598D1BB1003B00673AF8 /* Frameworks */,
				2D8D598E1BB1003B00673AF8 /* Resources */,
			);
			buildRules = (
			);
			dependencies = (
			);
			name = AlphaTracker;
			productName = AlphaTracker;
			productReference = 2D8D59901BB1003B00673AF8 /* AlphaTracker.app */;
			productType = "com.apple.product-type.application";
		};
/* End PBXNativeTarget section */

/* Begin PBXProject section */
		2D8D59881BB1003B00673AF8 /* Project object */ = {
			isa = PBXProject;
			attributes = {
				LastUpgradeCheck = 0700;
				ORGANIZATIONNAME = "Winnie Liang";
				TargetAttributes = {
					2D8D598F1BB1003B00673AF8 = {
						CreatedOnToolsVersion = 7.0;
					};
				};
			};
			buildConfigurationList = 2D8D598B1BB1003B00673AF8 /* Build configuration list for PBXProject "AlphaTracker" */;
			compatibilityVersion = "Xcode 3.2";
			developmentRegion = English;
			hasScannedForEncodings = 0;
			knownRegions = (
				en,
				Base,
			);
			mainGroup = 2D8D59871BB1003B00673AF8;
			productRefGroup = 2D8D59911BB1003B00673AF8 /* Products */;
			projectDirPath = "";
			projectRoot = "";
			targets = (
				2D8D598F1BB1003B00673AF8 /* AlphaTracker */,
			);
		};
/* End PBXProject section */

/* Begin PBXResourcesBuildPhase section */
		2D8D598E1BB1003B00673AF8 /* Resources */ = {
			isa = PBXResourcesBuildPhase;
			buildActionMask = 2147483647;
			files = (
				2D9154CF1BB1E56500F3FD43 /* Google+Button.jpg in Resources */,
				2D9154D01BB1E56500F3FD43 /* LoginButton.jpg in Resources */,
				2D9154D11BB1E56500F3FD43 /* RegisterButton.jpg in Resources */,
				2D8D59A31BB1003B00673AF8 /* LaunchScreen.storyboard in Resources */,
				2D8D59A01BB1003B00673AF8 /* Assets.xcassets in Resources */,
				2D8D599E1BB1003B00673AF8 /* Main.storyboard in Resources */,
				2D9154CE1BB1E56500F3FD43 /* FairwellLabel.png in Resources */,
				2D9154CD1BB1E56500F3FD43 /* FacebookButton.JPG in Resources */,
			);
			runOnlyForDeploymentPostprocessing = 0;
		};
/* End PBXResourcesBuildPhase section */

/* Begin PBXSourcesBuildPhase section */
		2D8D598C1BB1003B00673AF8 /* Sources */ = {
			isa = PBXSourcesBuildPhase;
			buildActionMask = 2147483647;
			files = (
				2D8D599B1BB1003B00673AF8 /* ViewController.m in Sources */,
				2D8D59981BB1003B00673AF8 /* AppDelegate.m in Sources */,
				2D8D59951BB1003B00673AF8 /* main.m in Sources */,
			);
			runOnlyForDeploymentPostprocessing = 0;
		};
/* End PBXSourcesBuildPhase section */

/* Begin PBXVariantGroup section */
		2D8D599C1BB1003B00673AF8 /* Main.storyboard */ = {
			isa = PBXVariantGroup;
			children = (
				2D8D599D1BB1003B00673AF8 /* Base */,
			);
			name = Main.storyboard;
			sourceTree = "<group>";
		};
		2D8D59A11BB1003B00673AF8 /* LaunchScreen.storyboard */ = {
			isa = PBXVariantGroup;
			children = (
				2D8D59A21BB1003B00673AF8 /* Base */,
			);
			name = LaunchScreen.storyboard;
			sourceTree = "<group>";
		};
/* End PBXVariantGroup section */

/* Begin XCBuildConfiguration section */
		2D8D59A51BB1003B00673AF8 /* Debug */ = {
			isa = XCBuildConfiguration;
			buildSettings = {
				ALWAYS_SEARCH_USER_PATHS = NO;
				CLANG_CXX_LANGUAGE_STANDARD = "gnu++0x";
				CLANG_CXX_LIBRARY = "libc++";
				CLANG_ENABLE_MODULES = YES;
				CLANG_ENABLE_OBJC_ARC = YES;
				CLANG_WARN_BOOL_CONVERSION = YES;
				CLANG_WARN_CONSTANT_CONVERSION = YES;
				CLANG_WARN_DIRECT_OBJC_ISA_USAGE = YES_ERROR;
				CLANG_WARN_EMPTY_BODY = YES;
				CLANG_WARN_ENUM_CONVERSION = YES;
				CLANG_WARN_INT_CONVERSION = YES;
				CLANG_WARN_OBJC_ROOT_CLASS = YES_ERROR;
				CLANG_WARN_UNREACHABLE_CODE = YES;
				CLANG_WARN__DUPLICATE_METHOD_MATCH = YES;
				"CODE_SIGN_IDENTITY[sdk=iphoneos*]" = "iPhone Developer";
				COPY_PHASE_STRIP = NO;
				DEBUG_INFORMATION_FORMAT = dwarf;
				ENABLE_STRICT_OBJC_MSGSEND = YES;
				ENABLE_TESTABILITY = YES;
				GCC_C_LANGUAGE_STANDARD = gnu99;
				GCC_DYNAMIC_NO_PIC = NO;
				GCC_NO_COMMON_BLOCKS = YES;
				GCC_OPTIMIZATION_LEVEL = 0;
				GCC_PREPROCESSOR_DEFINITIONS = (
					"DEBUG=1",
					"$(inherited)",
				);
				GCC_WARN_64_TO_32_BIT_CONVERSION = YES;
				GCC_WARN_ABOUT_RETURN_TYPE = YES_ERROR;
				GCC_WARN_UNDECLARED_SELECTOR = YES;
				GCC_WARN_UNINITIALIZED_AUTOS = YES_AGGRESSIVE;
				GCC_WARN_UNUSED_FUNCTION = YES;
				GCC_WARN_UNUSED_VARIABLE = YES;
				IPHONEOS_DEPLOYMENT_TARGET = 9.0;
				MTL_ENABLE_DEBUG_INFO = YES;
				ONLY_ACTIVE_ARCH = YES;
				SDKROOT = iphoneos;
			};
			name = Debug;
		};
		2D8D59A61BB1003B00673AF8 /* Release */ = {
			isa = XCBuildConfiguration;
			buildSettings = {
				ALWAYS_SEARCH_USER_PATHS = NO;
				CLANG_CXX_LANGUAGE_STANDARD = "gnu++0x";
				CLANG_CXX_LIBRARY = "libc++";
				CLANG_ENABLE_MODULES = YES;
				CLANG_ENABLE_OBJC_ARC = YES;
				CLANG_WARN_BOOL_CONVERSION = YES;
				CLANG_WARN_CONSTANT_CONVERSION = YES;
				CLANG_WARN_DIRECT_OBJC_ISA_USAGE = YES_ERROR;
				CLANG_WARN_EMPTY_BODY = YES;
				CLANG_WARN_ENUM_CONVERSION = YES;
				CLANG_WARN_INT_CONVERSION = YES;
				CLANG_WARN_OBJC_ROOT_CLASS = YES_ERROR;
				CLANG_WARN_UNREACHABLE_CODE = YES;
				CLANG_WARN__DUPLICATE_METHOD_MATCH = YES;
				"CODE_SIGN_IDENTITY[sdk=iphoneos*]" = "iPhone Developer";
				COPY_PHASE_STRIP = NO;
				DEBUG_INFORMATION_FORMAT = "dwarf-with-dsym";
				ENABLE_NS_ASSERTIONS = NO;
				ENABLE_STRICT_OBJC_MSGSEND = YES;
				GCC_C_LANGUAGE_STANDARD = gnu99;
				GCC_NO_COMMON_BLOCKS = YES;
				GCC_WARN_64_TO_32_BIT_CONVERSION = YES;
				GCC_WARN_ABOUT_RETURN_TYPE = YES_ERROR;
				GCC_WARN_UNDECLARED_SELECTOR = YES;
				GCC_WARN_UNINITIALIZED_AUTOS = YES_AGGRESSIVE;
				GCC_WARN_UNUSED_FUNCTION = YES;
				GCC_WARN_UNUSED_VARIABLE = YES;
				IPHONEOS_DEPLOYMENT_TARGET = 9.0;
				MTL_ENABLE_DEBUG_INFO = NO;
				SDKROOT = iphoneos;
				VALIDATE_PRODUCT = YES;
			};
			name = Release;
		};
		2D8D59A81BB1003B00673AF8 /* Debug */ = {
			isa = XCBuildConfiguration;
			buildSettings = {
				ASSETCATALOG_COMPILER_APPICON_NAME = AppIcon;
				INFOPLIST_FILE = AlphaTracker/Info.plist;
				LD_RUNPATH_SEARCH_PATHS = "$(inherited) @executable_path/Frameworks";
				PRODUCT_BUNDLE_IDENTIFIER = mymacbook.AlphaTracker;
				PRODUCT_NAME = "$(TARGET_NAME)";
			};
			name = Debug;
		};
		2D8D59A91BB1003B00673AF8 /* Release */ = {
			isa = XCBuildConfiguration;
			buildSettings = {
				ASSETCATALOG_COMPILER_APPICON_NAME = AppIcon;
				INFOPLIST_FILE = AlphaTracker/Info.plist;
				LD_RUNPATH_SEARCH_PATHS = "$(inherited) @executable_path/Frameworks";
				PRODUCT_BUNDLE_IDENTIFIER = mymacbook.AlphaTracker;
				PRODUCT_NAME = "$(TARGET_NAME)";
			};
			name = Release;
		};
/* End XCBuildConfiguration section */

/* Begin XCConfigurationList section */
		2D8D598B1BB1003B00673AF8 /* Build configuration list for PBXProject "AlphaTracker" */ = {
			isa = XCConfigurationList;
			buildConfigurations = (
				2D8D59A51BB1003B00673AF8 /* Debug */,
				2D8D59A61BB1003B00673AF8 /* Release */,
			);
			defaultConfigurationIsVisible = 0;
			defaultConfigurationName = Release;
		};
		2D8D59A71BB1003B00673AF8 /* Build configuration list for PBXNativeTarget "AlphaTracker" */ = {
			isa = XCConfigurationList;
			buildConfigurations = (
				2D8D59A81BB1003B00673AF8 /* Debug */,
				2D8D59A91BB1003B00673AF8 /* Release */,
			);
			defaultConfigurationIsVisible = 0;
			defaultConfigurationName = Release;
		};
/* End XCConfigurationList section */
	};
	rootObject = 2D8D59881BB1003B00673AF8 /* Project object */;
}
